// !$*UTF8*$!
{
	archiveVersion = 1;
	classes = {
	};
	objectVersion = 51;
	objects = {

/* Begin PBXBuildFile section */
		27BF210046D23AEEF5BF736B /* Pods_Recipe_RecipeUITests.framework in Frameworks */ = {isa = PBXBuildFile; fileRef = 59489FB77E1DF444008DDD1B /* Pods_Recipe_RecipeUITests.framework */; };
		330425B62771C6A8005AB1EB /* Model.xcdatamodeld in Sources */ = {isa = PBXBuildFile; fileRef = 330425B42771C6A8005AB1EB /* Model.xcdatamodeld */; };
		330425C42771C80D005AB1EB /* FavoritedRecipe.swift in Sources */ = {isa = PBXBuildFile; fileRef = 330425C32771C80D005AB1EB /* FavoritedRecipe.swift */; };
		330425CD2771C89B005AB1EB /* LocalService.swift in Sources */ = {isa = PBXBuildFile; fileRef = 330425CC2771C89B005AB1EB /* LocalService.swift */; };
		330425D22771C8DD005AB1EB /* RecipeLocalDataSource.swift in Sources */ = {isa = PBXBuildFile; fileRef = 330425D12771C8DD005AB1EB /* RecipeLocalDataSource.swift */; };
		330425E22771E479005AB1EB /* FavoritesViewModel.swift in Sources */ = {isa = PBXBuildFile; fileRef = 330425E12771E479005AB1EB /* FavoritesViewModel.swift */; };
		331681272770991C0094600C /* CollectionsViewModel.swift in Sources */ = {isa = PBXBuildFile; fileRef = 331681262770991C0094600C /* CollectionsViewModel.swift */; };
		3316812F27709A550094600C /* CollectionsRemoteDataSource.swift in Sources */ = {isa = PBXBuildFile; fileRef = 3316812E27709A550094600C /* CollectionsRemoteDataSource.swift */; };
		3316813827709AD20094600C /* CollectionsResponseModel.swift in Sources */ = {isa = PBXBuildFile; fileRef = 3316813727709AD20094600C /* CollectionsResponseModel.swift */; };
		3316814127709B7D0094600C /* CollectionsUIModel.swift in Sources */ = {isa = PBXBuildFile; fileRef = 3316814027709B7D0094600C /* CollectionsUIModel.swift */; };
		3316814727709C0E0094600C /* CollectionsRemoteService.swift in Sources */ = {isa = PBXBuildFile; fileRef = 3316814627709C0E0094600C /* CollectionsRemoteService.swift */; };
		3316814F27709CCD0094600C /* Requestable.swift in Sources */ = {isa = PBXBuildFile; fileRef = 3316814E27709CCD0094600C /* Requestable.swift */; };
		3316815427709D870094600C /* TargetEndpointProtocol.swift in Sources */ = {isa = PBXBuildFile; fileRef = 3316815327709D870094600C /* TargetEndpointProtocol.swift */; };
		3316815D27709F660094600C /* CollectionsEndpoint.swift in Sources */ = {isa = PBXBuildFile; fileRef = 3316815C27709F660094600C /* CollectionsEndpoint.swift */; };
		331681622770A23D0094600C /* CollectionsRepository.swift in Sources */ = {isa = PBXBuildFile; fileRef = 331681612770A23D0094600C /* CollectionsRepository.swift */; };
		331681672770A3B70094600C /* DataSourceRegistrations.swift in Sources */ = {isa = PBXBuildFile; fileRef = 331681662770A3B70094600C /* DataSourceRegistrations.swift */; };
		3316816C2770A4360094600C /* RepositoryRegistrations.swift in Sources */ = {isa = PBXBuildFile; fileRef = 3316816B2770A4360094600C /* RepositoryRegistrations.swift */; };
		331681722770A4960094600C /* ViewModelRegistrations.swift in Sources */ = {isa = PBXBuildFile; fileRef = 331681712770A4960094600C /* ViewModelRegistrations.swift */; };
		331681782770AA6A0094600C /* BaseViewModel.swift in Sources */ = {isa = PBXBuildFile; fileRef = 331681772770AA6A0094600C /* BaseViewModel.swift */; };
		331681862770AF9C0094600C /* BaseViewController.swift in Sources */ = {isa = PBXBuildFile; fileRef = 331681852770AF9C0094600C /* BaseViewController.swift */; };
		3316818B2770B0AF0094600C /* Identifier.swift in Sources */ = {isa = PBXBuildFile; fileRef = 3316818A2770B0AF0094600C /* Identifier.swift */; };
		331681C12770BFF50094600C /* NavigatonBarConfigurable.swift in Sources */ = {isa = PBXBuildFile; fileRef = 331681C02770BFF50094600C /* NavigatonBarConfigurable.swift */; };
		331681D42770C94B0094600C /* UIIMageViewExtensions.swift in Sources */ = {isa = PBXBuildFile; fileRef = 331681D32770C94B0094600C /* UIIMageViewExtensions.swift */; };
		331681DD2770CABB0094600C /* CollectionsUICollectionViewAdapter.swift in Sources */ = {isa = PBXBuildFile; fileRef = 331681DC2770CABB0094600C /* CollectionsUICollectionViewAdapter.swift */; };
		331682032770D2ED0094600C /* UICollectionViewExtensions.swift in Sources */ = {isa = PBXBuildFile; fileRef = 331682022770D2ED0094600C /* UICollectionViewExtensions.swift */; };
		3316820C2770D3660094600C /* TitleAndImageCollectionViewCell.swift in Sources */ = {isa = PBXBuildFile; fileRef = 3316820A2770D3660094600C /* TitleAndImageCollectionViewCell.swift */; };
		3316820D2770D3660094600C /* TitleAndImageCollectionViewCell.xib in Resources */ = {isa = PBXBuildFile; fileRef = 3316820B2770D3660094600C /* TitleAndImageCollectionViewCell.xib */; };
		331682132770D7350094600C /* ListFlowLayout.swift in Sources */ = {isa = PBXBuildFile; fileRef = 331682122770D7350094600C /* ListFlowLayout.swift */; };
		331682182770D7410094600C /* GridFlowLayout.swift in Sources */ = {isa = PBXBuildFile; fileRef = 331682172770D7410094600C /* GridFlowLayout.swift */; };
		3316821D2770D7910094600C /* LayoutProtocol.swift in Sources */ = {isa = PBXBuildFile; fileRef = 3316821C2770D7910094600C /* LayoutProtocol.swift */; };
		331682222770E36C0094600C /* ListState.swift in Sources */ = {isa = PBXBuildFile; fileRef = 331682212770E36C0094600C /* ListState.swift */; };
		331682282770FECC0094600C /* ListStateTests.swift in Sources */ = {isa = PBXBuildFile; fileRef = 331682272770FECC0094600C /* ListStateTests.swift */; };
		33168231277100E40094600C /* CollectionsUICollectionViewAdapterTests.swift in Sources */ = {isa = PBXBuildFile; fileRef = 33168230277100E40094600C /* CollectionsUICollectionViewAdapterTests.swift */; };
		3316823B277105700094600C /* CollectionsEndpointTests.swift in Sources */ = {isa = PBXBuildFile; fileRef = 3316823A277105700094600C /* CollectionsEndpointTests.swift */; };
		33168248277108EF0094600C /* CollectionsUIModelConverterTests.swift in Sources */ = {isa = PBXBuildFile; fileRef = 33168247277108EF0094600C /* CollectionsUIModelConverterTests.swift */; };
		3316825C27710D6D0094600C /* CollectionsRemoteDataSourceTests.swift in Sources */ = {isa = PBXBuildFile; fileRef = 3316825B27710D6D0094600C /* CollectionsRemoteDataSourceTests.swift */; };
		3316827A27710F2C0094600C /* CollectionsRemoteServiceMock.swift in Sources */ = {isa = PBXBuildFile; fileRef = 3316827927710F2C0094600C /* CollectionsRemoteServiceMock.swift */; };
		33A10F1B276DE67F00051B8F /* AppDelegate.swift in Sources */ = {isa = PBXBuildFile; fileRef = 33A10F1A276DE67F00051B8F /* AppDelegate.swift */; };
		33A10F1D276DE67F00051B8F /* SceneDelegate.swift in Sources */ = {isa = PBXBuildFile; fileRef = 33A10F1C276DE67F00051B8F /* SceneDelegate.swift */; };
		33A10F22276DE67F00051B8F /* Main.storyboard in Resources */ = {isa = PBXBuildFile; fileRef = 33A10F20276DE67F00051B8F /* Main.storyboard */; };
		33A10F27276DE68000051B8F /* LaunchScreen.storyboard in Resources */ = {isa = PBXBuildFile; fileRef = 33A10F25276DE68000051B8F /* LaunchScreen.storyboard */; };
		33A10F3D276DE68000051B8F /* RecipeUITests.swift in Sources */ = {isa = PBXBuildFile; fileRef = 33A10F3C276DE68000051B8F /* RecipeUITests.swift */; };
		33A10F70276DE87B00051B8F /* ImageStyle.swift in Sources */ = {isa = PBXBuildFile; fileRef = 33A10F6F276DE87B00051B8F /* ImageStyle.swift */; };
		33A10F78276DE8AF00051B8F /* Theme+UIImageExtension.swift in Sources */ = {isa = PBXBuildFile; fileRef = 33A10F77276DE8AF00051B8F /* Theme+UIImageExtension.swift */; };
		33A10F7E276DE8F700051B8F /* ColorStyle.swift in Sources */ = {isa = PBXBuildFile; fileRef = 33A10F7D276DE8F700051B8F /* ColorStyle.swift */; };
		33A10F86276DE95800051B8F /* Theme+UIColorExtension.swift in Sources */ = {isa = PBXBuildFile; fileRef = 33A10F85276DE95800051B8F /* Theme+UIColorExtension.swift */; };
		33A10F8C276DE9C500051B8F /* Colors.xcassets in Resources */ = {isa = PBXBuildFile; fileRef = 33A10F8B276DE9C500051B8F /* Colors.xcassets */; };
		33A10F91276DE9DC00051B8F /* Icons.xcassets in Resources */ = {isa = PBXBuildFile; fileRef = 33A10F90276DE9DC00051B8F /* Icons.xcassets */; };
		33A10F9C276DEB0B00051B8F /* ColorTests.swift in Sources */ = {isa = PBXBuildFile; fileRef = 33A10F9B276DEB0B00051B8F /* ColorTests.swift */; };
		33A10FA4276DEE8F00051B8F /* IconTests.swift in Sources */ = {isa = PBXBuildFile; fileRef = 33A10FA3276DEE8F00051B8F /* IconTests.swift */; };
		33A10FAC276DF0F800051B8F /* Assets.xcassets in Resources */ = {isa = PBXBuildFile; fileRef = 33A10FAB276DF0F800051B8F /* Assets.xcassets */; };
		33A11003276E12EB00051B8F /* Resolver+Typealias.swift in Sources */ = {isa = PBXBuildFile; fileRef = 33A11002276E12EB00051B8F /* Resolver+Typealias.swift */; };
		33A11010276E148100051B8F /* DependencyRegistrationService.swift in Sources */ = {isa = PBXBuildFile; fileRef = 33A1100F276E148100051B8F /* DependencyRegistrationService.swift */; };
		33B50AE1276EACD900B9D1A9 /* BaseService.swift in Sources */ = {isa = PBXBuildFile; fileRef = 33B50AE0276EACD900B9D1A9 /* BaseService.swift */; };
		33B50AEA276EAD5D00B9D1A9 /* RecipeError.swift in Sources */ = {isa = PBXBuildFile; fileRef = 33B50AE9276EAD5D00B9D1A9 /* RecipeError.swift */; };
		33B50AEF276EADA200B9D1A9 /* HTTPStatus.swift in Sources */ = {isa = PBXBuildFile; fileRef = 33B50AEE276EADA200B9D1A9 /* HTTPStatus.swift */; };
		33B50AF5276EADF500B9D1A9 /* HTTPURLResponseExtensions.swift in Sources */ = {isa = PBXBuildFile; fileRef = 33B50AF4276EADF500B9D1A9 /* HTTPURLResponseExtensions.swift */; };
		33B50AFD276F457400B9D1A9 /* URLComponentsExtensions.swift in Sources */ = {isa = PBXBuildFile; fileRef = 33B50AFC276F457400B9D1A9 /* URLComponentsExtensions.swift */; };
		33B50B02276F459500B9D1A9 /* EndpointComponent.swift in Sources */ = {isa = PBXBuildFile; fileRef = 33B50B01276F459500B9D1A9 /* EndpointComponent.swift */; };
		33B50B1B276F472700B9D1A9 /* NetworkLoader.swift in Sources */ = {isa = PBXBuildFile; fileRef = 33B50B1A276F472700B9D1A9 /* NetworkLoader.swift */; };
		33B50B20276F526E00B9D1A9 /* RequestObject.swift in Sources */ = {isa = PBXBuildFile; fileRef = 33B50B1F276F526E00B9D1A9 /* RequestObject.swift */; };
		33B50B25276F533E00B9D1A9 /* HTTPMethod.swift in Sources */ = {isa = PBXBuildFile; fileRef = 33B50B24276F533E00B9D1A9 /* HTTPMethod.swift */; };
		33B50B2A276F5F7100B9D1A9 /* ServiceRegistrations.swift in Sources */ = {isa = PBXBuildFile; fileRef = 33B50B29276F5F7100B9D1A9 /* ServiceRegistrations.swift */; };
		33B50B4E276F661D00B9D1A9 /* BaseServiceProtocol.swift in Sources */ = {isa = PBXBuildFile; fileRef = 33B50B4D276F661D00B9D1A9 /* BaseServiceProtocol.swift */; };
		33B50B69276F666D00B9D1A9 /* URLSessionExtensions.swift in Sources */ = {isa = PBXBuildFile; fileRef = 33B50B68276F666D00B9D1A9 /* URLSessionExtensions.swift */; };
		33B50B84276F99C400B9D1A9 /* AppearanceInitializationService.swift in Sources */ = {isa = PBXBuildFile; fileRef = 33B50B83276F99C400B9D1A9 /* AppearanceInitializationService.swift */; };
		33B50B8A276F9C0C00B9D1A9 /* TabBarController.swift in Sources */ = {isa = PBXBuildFile; fileRef = 33B50B89276F9C0C00B9D1A9 /* TabBarController.swift */; };
		33B50B92276F9CEB00B9D1A9 /* CollectionsViewController.swift in Sources */ = {isa = PBXBuildFile; fileRef = 33B50B90276F9CEB00B9D1A9 /* CollectionsViewController.swift */; };
		33B50B93276F9CEB00B9D1A9 /* CollectionsViewController.xib in Resources */ = {isa = PBXBuildFile; fileRef = 33B50B91276F9CEB00B9D1A9 /* CollectionsViewController.xib */; };
		33B50BA5276F9D2A00B9D1A9 /* RecipesViewController.swift in Sources */ = {isa = PBXBuildFile; fileRef = 33B50BA3276F9D2A00B9D1A9 /* RecipesViewController.swift */; };
		33B50BA6276F9D2A00B9D1A9 /* RecipesViewController.xib in Resources */ = {isa = PBXBuildFile; fileRef = 33B50BA4276F9D2A00B9D1A9 /* RecipesViewController.xib */; };
		33B50BAB276F9D4A00B9D1A9 /* ViewControllerRegistrations.swift in Sources */ = {isa = PBXBuildFile; fileRef = 33B50BAA276F9D4A00B9D1A9 /* ViewControllerRegistrations.swift */; };
		33B50BB6276FA21400B9D1A9 /* FavoritesViewController.swift in Sources */ = {isa = PBXBuildFile; fileRef = 33B50BB4276FA21400B9D1A9 /* FavoritesViewController.swift */; };
		33B50BC0276FA7B200B9D1A9 /* TabBarItemsIconTextTests.swift in Sources */ = {isa = PBXBuildFile; fileRef = 33B50BBF276FA7B200B9D1A9 /* TabBarItemsIconTextTests.swift */; };
		33B50BCC276FA90900B9D1A9 /* TabBarTests.swift in Sources */ = {isa = PBXBuildFile; fileRef = 33B50BCB276FA90900B9D1A9 /* TabBarTests.swift */; };
		33BCDCF627712BAB0082873C /* RecipesViewModel.swift in Sources */ = {isa = PBXBuildFile; fileRef = 33BCDCF527712BAB0082873C /* RecipesViewModel.swift */; };
		33BCDCFB27712BF00082873C /* RecipeRepository.swift in Sources */ = {isa = PBXBuildFile; fileRef = 33BCDCFA27712BF00082873C /* RecipeRepository.swift */; };
		33BCDD0027712C840082873C /* RecipeRemoteService.swift in Sources */ = {isa = PBXBuildFile; fileRef = 33BCDCFF27712C840082873C /* RecipeRemoteService.swift */; };
		33BCDD0527712CCC0082873C /* RecipeEndpoint.swift in Sources */ = {isa = PBXBuildFile; fileRef = 33BCDD0427712CCC0082873C /* RecipeEndpoint.swift */; };
		33BCDD0A27712DC70082873C /* RecipeRemoteDataSource.swift in Sources */ = {isa = PBXBuildFile; fileRef = 33BCDD0927712DC70082873C /* RecipeRemoteDataSource.swift */; };
		33BCDD0F27712FDA0082873C /* RecipeResponseModel.swift in Sources */ = {isa = PBXBuildFile; fileRef = 33BCDD0E27712FDA0082873C /* RecipeResponseModel.swift */; };
		33BCDD14277130030082873C /* RecipeUIModel.swift in Sources */ = {isa = PBXBuildFile; fileRef = 33BCDD13277130030082873C /* RecipeUIModel.swift */; };
		33BCDD1A277135010082873C /* RecipeTableViewAdapter.swift in Sources */ = {isa = PBXBuildFile; fileRef = 33BCDD19277135010082873C /* RecipeTableViewAdapter.swift */; };
		33BCDD23277135FF0082873C /* RecipeTableViewCell.swift in Sources */ = {isa = PBXBuildFile; fileRef = 33BCDD21277135FF0082873C /* RecipeTableViewCell.swift */; };
		33BCDD24277135FF0082873C /* RecipeTableViewCell.xib in Resources */ = {isa = PBXBuildFile; fileRef = 33BCDD22277135FF0082873C /* RecipeTableViewCell.xib */; };
		33BCDD2927713B720082873C /* UITableViewExtensions.swift in Sources */ = {isa = PBXBuildFile; fileRef = 33BCDD2827713B720082873C /* UITableViewExtensions.swift */; };
		33D22A2527711513009BEC2E /* ResolverExtensions.swift in Sources */ = {isa = PBXBuildFile; fileRef = 33D22A2427711513009BEC2E /* ResolverExtensions.swift */; };
		33FAEBF02771EA7B0060A61F /* FavoritesViewController.xib in Resources */ = {isa = PBXBuildFile; fileRef = 33FAEBEF2771EA7B0060A61F /* FavoritesViewController.xib */; };
		33FAEC12277208270060A61F /* MockLocalService.swift in Sources */ = {isa = PBXBuildFile; fileRef = 33FAEC11277208270060A61F /* MockLocalService.swift */; };
		33FAEC1B27720BF00060A61F /* RecipeLocalDataSourceTests.swift in Sources */ = {isa = PBXBuildFile; fileRef = 33FAEC1A27720BF00060A61F /* RecipeLocalDataSourceTests.swift */; };
		33FAEC2C277211AC0060A61F /* RecipeEndpoinTests.swift in Sources */ = {isa = PBXBuildFile; fileRef = 33FAEC2B277211AC0060A61F /* RecipeEndpoinTests.swift */; };
		33FAEC51277248420060A61F /* BaseServiceTests.swift in Sources */ = {isa = PBXBuildFile; fileRef = 33FAEC50277248420060A61F /* BaseServiceTests.swift */; };
		33FAEC56277258670060A61F /* MockLoader.swift in Sources */ = {isa = PBXBuildFile; fileRef = 33FAEC55277258670060A61F /* MockLoader.swift */; };
		33FAEC6C27725F3A0060A61F /* RecipeUIModelConverter.swift in Sources */ = {isa = PBXBuildFile; fileRef = 33FAEC6B27725F3A0060A61F /* RecipeUIModelConverter.swift */; };
		33FAECDB277266320060A61F /* RecipeRemoteServiceMock.swift in Sources */ = {isa = PBXBuildFile; fileRef = 33FAECDA277266320060A61F /* RecipeRemoteServiceMock.swift */; };
		33FAECF6277267A60060A61F /* RecipeRemoteDataSourceTests.swift in Sources */ = {isa = PBXBuildFile; fileRef = 33FAECF5277267A60060A61F /* RecipeRemoteDataSourceTests.swift */; };
		33FAED7427727B220060A61F /* README.MD in Resources */ = {isa = PBXBuildFile; fileRef = 33FAED7327727B220060A61F /* README.MD */; };
		33FAED80277300EB0060A61F /* RecipeLocalService.swift in Sources */ = {isa = PBXBuildFile; fileRef = 33FAED7F277300EB0060A61F /* RecipeLocalService.swift */; };
		6A1F879E84579F34DC5F3123 /* Pods_Recipe.framework in Frameworks */ = {isa = PBXBuildFile; fileRef = F5A337400611FDC5508B737B /* Pods_Recipe.framework */; };
		E4CC1125A926CA8D6B70C4E4 /* Pods_RecipeTests.framework in Frameworks */ = {isa = PBXBuildFile; fileRef = 6A816921F79FBDC4492A622B /* Pods_RecipeTests.framework */; };
/* End PBXBuildFile section */

/* Begin PBXContainerItemProxy section */
		33A10F2E276DE68000051B8F /* PBXContainerItemProxy */ = {
			isa = PBXContainerItemProxy;
			containerPortal = 33A10F0F276DE67F00051B8F /* Project object */;
			proxyType = 1;
			remoteGlobalIDString = 33A10F16276DE67F00051B8F;
			remoteInfo = Recipe;
		};
		33A10F39276DE68000051B8F /* PBXContainerItemProxy */ = {
			isa = PBXContainerItemProxy;
			containerPortal = 33A10F0F276DE67F00051B8F /* Project object */;
			proxyType = 1;
			remoteGlobalIDString = 33A10F16276DE67F00051B8F;
			remoteInfo = Recipe;
		};
/* End PBXContainerItemProxy section */

/* Begin PBXFileReference section */
		2F02550D1274E410A8FCCC44 /* Pods-Recipe.release.xcconfig */ = {isa = PBXFileReference; includeInIndex = 1; lastKnownFileType = text.xcconfig; name = "Pods-Recipe.release.xcconfig"; path = "Target Support Files/Pods-Recipe/Pods-Recipe.release.xcconfig"; sourceTree = "<group>"; };
		31D6F5D14ED4A3EFEE90DDEE /* Pods-RecipeTests.debug.xcconfig */ = {isa = PBXFileReference; includeInIndex = 1; lastKnownFileType = text.xcconfig; name = "Pods-RecipeTests.debug.xcconfig"; path = "Target Support Files/Pods-RecipeTests/Pods-RecipeTests.debug.xcconfig"; sourceTree = "<group>"; };
		330425B52771C6A8005AB1EB /* Model.xcdatamodel */ = {isa = PBXFileReference; lastKnownFileType = wrapper.xcdatamodel; path = Model.xcdatamodel; sourceTree = "<group>"; };
		330425C32771C80D005AB1EB /* FavoritedRecipe.swift */ = {isa = PBXFileReference; lastKnownFileType = sourcecode.swift; path = FavoritedRecipe.swift; sourceTree = "<group>"; };
		330425CC2771C89B005AB1EB /* LocalService.swift */ = {isa = PBXFileReference; lastKnownFileType = sourcecode.swift; path = LocalService.swift; sourceTree = "<group>"; };
		330425D12771C8DD005AB1EB /* RecipeLocalDataSource.swift */ = {isa = PBXFileReference; lastKnownFileType = sourcecode.swift; path = RecipeLocalDataSource.swift; sourceTree = "<group>"; };
		330425E12771E479005AB1EB /* FavoritesViewModel.swift */ = {isa = PBXFileReference; lastKnownFileType = sourcecode.swift; path = FavoritesViewModel.swift; sourceTree = "<group>"; };
		331681262770991C0094600C /* CollectionsViewModel.swift */ = {isa = PBXFileReference; lastKnownFileType = sourcecode.swift; path = CollectionsViewModel.swift; sourceTree = "<group>"; };
		3316812E27709A550094600C /* CollectionsRemoteDataSource.swift */ = {isa = PBXFileReference; lastKnownFileType = sourcecode.swift; path = CollectionsRemoteDataSource.swift; sourceTree = "<group>"; };
		3316813727709AD20094600C /* CollectionsResponseModel.swift */ = {isa = PBXFileReference; lastKnownFileType = sourcecode.swift; path = CollectionsResponseModel.swift; sourceTree = "<group>"; };
		3316814027709B7D0094600C /* CollectionsUIModel.swift */ = {isa = PBXFileReference; lastKnownFileType = sourcecode.swift; path = CollectionsUIModel.swift; sourceTree = "<group>"; };
		3316814627709C0E0094600C /* CollectionsRemoteService.swift */ = {isa = PBXFileReference; lastKnownFileType = sourcecode.swift; path = CollectionsRemoteService.swift; sourceTree = "<group>"; };
		3316814E27709CCD0094600C /* Requestable.swift */ = {isa = PBXFileReference; lastKnownFileType = sourcecode.swift; path = Requestable.swift; sourceTree = "<group>"; };
		3316815327709D870094600C /* TargetEndpointProtocol.swift */ = {isa = PBXFileReference; lastKnownFileType = sourcecode.swift; path = TargetEndpointProtocol.swift; sourceTree = "<group>"; };
		3316815C27709F660094600C /* CollectionsEndpoint.swift */ = {isa = PBXFileReference; lastKnownFileType = sourcecode.swift; path = CollectionsEndpoint.swift; sourceTree = "<group>"; };
		331681612770A23D0094600C /* CollectionsRepository.swift */ = {isa = PBXFileReference; lastKnownFileType = sourcecode.swift; path = CollectionsRepository.swift; sourceTree = "<group>"; };
		331681662770A3B70094600C /* DataSourceRegistrations.swift */ = {isa = PBXFileReference; lastKnownFileType = sourcecode.swift; path = DataSourceRegistrations.swift; sourceTree = "<group>"; };
		3316816B2770A4360094600C /* RepositoryRegistrations.swift */ = {isa = PBXFileReference; lastKnownFileType = sourcecode.swift; path = RepositoryRegistrations.swift; sourceTree = "<group>"; };
		331681712770A4960094600C /* ViewModelRegistrations.swift */ = {isa = PBXFileReference; lastKnownFileType = sourcecode.swift; path = ViewModelRegistrations.swift; sourceTree = "<group>"; };
		331681772770AA6A0094600C /* BaseViewModel.swift */ = {isa = PBXFileReference; lastKnownFileType = sourcecode.swift; path = BaseViewModel.swift; sourceTree = "<group>"; };
		331681852770AF9C0094600C /* BaseViewController.swift */ = {isa = PBXFileReference; lastKnownFileType = sourcecode.swift; path = BaseViewController.swift; sourceTree = "<group>"; };
		3316818A2770B0AF0094600C /* Identifier.swift */ = {isa = PBXFileReference; lastKnownFileType = sourcecode.swift; path = Identifier.swift; sourceTree = "<group>"; };
		331681C02770BFF50094600C /* NavigatonBarConfigurable.swift */ = {isa = PBXFileReference; lastKnownFileType = sourcecode.swift; path = NavigatonBarConfigurable.swift; sourceTree = "<group>"; };
		331681D32770C94B0094600C /* UIIMageViewExtensions.swift */ = {isa = PBXFileReference; lastKnownFileType = sourcecode.swift; path = UIIMageViewExtensions.swift; sourceTree = "<group>"; };
		331681DC2770CABB0094600C /* CollectionsUICollectionViewAdapter.swift */ = {isa = PBXFileReference; lastKnownFileType = sourcecode.swift; path = CollectionsUICollectionViewAdapter.swift; sourceTree = "<group>"; };
		331682022770D2ED0094600C /* UICollectionViewExtensions.swift */ = {isa = PBXFileReference; lastKnownFileType = sourcecode.swift; path = UICollectionViewExtensions.swift; sourceTree = "<group>"; };
		3316820A2770D3660094600C /* TitleAndImageCollectionViewCell.swift */ = {isa = PBXFileReference; lastKnownFileType = sourcecode.swift; path = TitleAndImageCollectionViewCell.swift; sourceTree = "<group>"; };
		3316820B2770D3660094600C /* TitleAndImageCollectionViewCell.xib */ = {isa = PBXFileReference; lastKnownFileType = file.xib; path = TitleAndImageCollectionViewCell.xib; sourceTree = "<group>"; };
		331682122770D7350094600C /* ListFlowLayout.swift */ = {isa = PBXFileReference; lastKnownFileType = sourcecode.swift; path = ListFlowLayout.swift; sourceTree = "<group>"; };
		331682172770D7410094600C /* GridFlowLayout.swift */ = {isa = PBXFileReference; lastKnownFileType = sourcecode.swift; path = GridFlowLayout.swift; sourceTree = "<group>"; };
		3316821C2770D7910094600C /* LayoutProtocol.swift */ = {isa = PBXFileReference; lastKnownFileType = sourcecode.swift; path = LayoutProtocol.swift; sourceTree = "<group>"; };
		331682212770E36C0094600C /* ListState.swift */ = {isa = PBXFileReference; lastKnownFileType = sourcecode.swift; path = ListState.swift; sourceTree = "<group>"; };
		331682272770FECC0094600C /* ListStateTests.swift */ = {isa = PBXFileReference; lastKnownFileType = sourcecode.swift; path = ListStateTests.swift; sourceTree = "<group>"; };
		33168230277100E40094600C /* CollectionsUICollectionViewAdapterTests.swift */ = {isa = PBXFileReference; lastKnownFileType = sourcecode.swift; path = CollectionsUICollectionViewAdapterTests.swift; sourceTree = "<group>"; };
		3316823A277105700094600C /* CollectionsEndpointTests.swift */ = {isa = PBXFileReference; lastKnownFileType = sourcecode.swift; path = CollectionsEndpointTests.swift; sourceTree = "<group>"; };
		33168247277108EF0094600C /* CollectionsUIModelConverterTests.swift */ = {isa = PBXFileReference; lastKnownFileType = sourcecode.swift; path = CollectionsUIModelConverterTests.swift; sourceTree = "<group>"; };
		3316825B27710D6D0094600C /* CollectionsRemoteDataSourceTests.swift */ = {isa = PBXFileReference; lastKnownFileType = sourcecode.swift; path = CollectionsRemoteDataSourceTests.swift; sourceTree = "<group>"; };
		3316827927710F2C0094600C /* CollectionsRemoteServiceMock.swift */ = {isa = PBXFileReference; lastKnownFileType = sourcecode.swift; path = CollectionsRemoteServiceMock.swift; sourceTree = "<group>"; };
		33A10F17276DE67F00051B8F /* Recipe.app */ = {isa = PBXFileReference; explicitFileType = wrapper.application; includeInIndex = 0; path = Recipe.app; sourceTree = BUILT_PRODUCTS_DIR; };
		33A10F1A276DE67F00051B8F /* AppDelegate.swift */ = {isa = PBXFileReference; lastKnownFileType = sourcecode.swift; path = AppDelegate.swift; sourceTree = "<group>"; };
		33A10F1C276DE67F00051B8F /* SceneDelegate.swift */ = {isa = PBXFileReference; lastKnownFileType = sourcecode.swift; path = SceneDelegate.swift; sourceTree = "<group>"; };
		33A10F21276DE67F00051B8F /* Base */ = {isa = PBXFileReference; lastKnownFileType = file.storyboard; name = Base; path = Base.lproj/Main.storyboard; sourceTree = "<group>"; };
		33A10F26276DE68000051B8F /* Base */ = {isa = PBXFileReference; lastKnownFileType = file.storyboard; name = Base; path = Base.lproj/LaunchScreen.storyboard; sourceTree = "<group>"; };
		33A10F28276DE68000051B8F /* Info.plist */ = {isa = PBXFileReference; lastKnownFileType = text.plist.xml; path = Info.plist; sourceTree = "<group>"; };
		33A10F2D276DE68000051B8F /* RecipeTests.xctest */ = {isa = PBXFileReference; explicitFileType = wrapper.cfbundle; includeInIndex = 0; path = RecipeTests.xctest; sourceTree = BUILT_PRODUCTS_DIR; };
		33A10F33276DE68000051B8F /* Info.plist */ = {isa = PBXFileReference; lastKnownFileType = text.plist.xml; path = Info.plist; sourceTree = "<group>"; };
		33A10F38276DE68000051B8F /* RecipeUITests.xctest */ = {isa = PBXFileReference; explicitFileType = wrapper.cfbundle; includeInIndex = 0; path = RecipeUITests.xctest; sourceTree = BUILT_PRODUCTS_DIR; };
		33A10F3C276DE68000051B8F /* RecipeUITests.swift */ = {isa = PBXFileReference; lastKnownFileType = sourcecode.swift; path = RecipeUITests.swift; sourceTree = "<group>"; };
		33A10F3E276DE68000051B8F /* Info.plist */ = {isa = PBXFileReference; lastKnownFileType = text.plist.xml; path = Info.plist; sourceTree = "<group>"; };
		33A10F6F276DE87B00051B8F /* ImageStyle.swift */ = {isa = PBXFileReference; lastKnownFileType = sourcecode.swift; path = ImageStyle.swift; sourceTree = "<group>"; };
		33A10F77276DE8AF00051B8F /* Theme+UIImageExtension.swift */ = {isa = PBXFileReference; lastKnownFileType = sourcecode.swift; path = "Theme+UIImageExtension.swift"; sourceTree = "<group>"; };
		33A10F7D276DE8F700051B8F /* ColorStyle.swift */ = {isa = PBXFileReference; lastKnownFileType = sourcecode.swift; path = ColorStyle.swift; sourceTree = "<group>"; };
		33A10F85276DE95800051B8F /* Theme+UIColorExtension.swift */ = {isa = PBXFileReference; lastKnownFileType = sourcecode.swift; path = "Theme+UIColorExtension.swift"; sourceTree = "<group>"; };
		33A10F8B276DE9C500051B8F /* Colors.xcassets */ = {isa = PBXFileReference; lastKnownFileType = folder.assetcatalog; path = Colors.xcassets; sourceTree = "<group>"; };
		33A10F90276DE9DC00051B8F /* Icons.xcassets */ = {isa = PBXFileReference; lastKnownFileType = folder.assetcatalog; path = Icons.xcassets; sourceTree = "<group>"; };
		33A10F9B276DEB0B00051B8F /* ColorTests.swift */ = {isa = PBXFileReference; lastKnownFileType = sourcecode.swift; path = ColorTests.swift; sourceTree = "<group>"; };
		33A10FA3276DEE8F00051B8F /* IconTests.swift */ = {isa = PBXFileReference; lastKnownFileType = sourcecode.swift; path = IconTests.swift; sourceTree = "<group>"; };
		33A10FAB276DF0F800051B8F /* Assets.xcassets */ = {isa = PBXFileReference; lastKnownFileType = folder.assetcatalog; path = Assets.xcassets; sourceTree = "<group>"; };
		33A11002276E12EB00051B8F /* Resolver+Typealias.swift */ = {isa = PBXFileReference; lastKnownFileType = sourcecode.swift; path = "Resolver+Typealias.swift"; sourceTree = "<group>"; };
		33A1100F276E148100051B8F /* DependencyRegistrationService.swift */ = {isa = PBXFileReference; lastKnownFileType = sourcecode.swift; path = DependencyRegistrationService.swift; sourceTree = "<group>"; };
		33B50AE0276EACD900B9D1A9 /* BaseService.swift */ = {isa = PBXFileReference; lastKnownFileType = sourcecode.swift; path = BaseService.swift; sourceTree = "<group>"; };
		33B50AE9276EAD5D00B9D1A9 /* RecipeError.swift */ = {isa = PBXFileReference; lastKnownFileType = sourcecode.swift; path = RecipeError.swift; sourceTree = "<group>"; };
		33B50AEE276EADA200B9D1A9 /* HTTPStatus.swift */ = {isa = PBXFileReference; lastKnownFileType = sourcecode.swift; path = HTTPStatus.swift; sourceTree = "<group>"; };
		33B50AF4276EADF500B9D1A9 /* HTTPURLResponseExtensions.swift */ = {isa = PBXFileReference; lastKnownFileType = sourcecode.swift; path = HTTPURLResponseExtensions.swift; sourceTree = "<group>"; };
		33B50AFC276F457400B9D1A9 /* URLComponentsExtensions.swift */ = {isa = PBXFileReference; lastKnownFileType = sourcecode.swift; path = URLComponentsExtensions.swift; sourceTree = "<group>"; };
		33B50B01276F459500B9D1A9 /* EndpointComponent.swift */ = {isa = PBXFileReference; lastKnownFileType = sourcecode.swift; path = EndpointComponent.swift; sourceTree = "<group>"; };
		33B50B1A276F472700B9D1A9 /* NetworkLoader.swift */ = {isa = PBXFileReference; lastKnownFileType = sourcecode.swift; path = NetworkLoader.swift; sourceTree = "<group>"; };
		33B50B1F276F526E00B9D1A9 /* RequestObject.swift */ = {isa = PBXFileReference; lastKnownFileType = sourcecode.swift; path = RequestObject.swift; sourceTree = "<group>"; };
		33B50B24276F533E00B9D1A9 /* HTTPMethod.swift */ = {isa = PBXFileReference; lastKnownFileType = sourcecode.swift; path = HTTPMethod.swift; sourceTree = "<group>"; };
		33B50B29276F5F7100B9D1A9 /* ServiceRegistrations.swift */ = {isa = PBXFileReference; lastKnownFileType = sourcecode.swift; path = ServiceRegistrations.swift; sourceTree = "<group>"; };
		33B50B4D276F661D00B9D1A9 /* BaseServiceProtocol.swift */ = {isa = PBXFileReference; lastKnownFileType = sourcecode.swift; path = BaseServiceProtocol.swift; sourceTree = "<group>"; };
		33B50B68276F666D00B9D1A9 /* URLSessionExtensions.swift */ = {isa = PBXFileReference; lastKnownFileType = sourcecode.swift; path = URLSessionExtensions.swift; sourceTree = "<group>"; };
		33B50B83276F99C400B9D1A9 /* AppearanceInitializationService.swift */ = {isa = PBXFileReference; lastKnownFileType = sourcecode.swift; path = AppearanceInitializationService.swift; sourceTree = "<group>"; };
		33B50B89276F9C0C00B9D1A9 /* TabBarController.swift */ = {isa = PBXFileReference; lastKnownFileType = sourcecode.swift; path = TabBarController.swift; sourceTree = "<group>"; };
		33B50B90276F9CEB00B9D1A9 /* CollectionsViewController.swift */ = {isa = PBXFileReference; lastKnownFileType = sourcecode.swift; path = CollectionsViewController.swift; sourceTree = "<group>"; };
		33B50B91276F9CEB00B9D1A9 /* CollectionsViewController.xib */ = {isa = PBXFileReference; lastKnownFileType = file.xib; path = CollectionsViewController.xib; sourceTree = "<group>"; };
		33B50BA3276F9D2A00B9D1A9 /* RecipesViewController.swift */ = {isa = PBXFileReference; lastKnownFileType = sourcecode.swift; path = RecipesViewController.swift; sourceTree = "<group>"; };
		33B50BA4276F9D2A00B9D1A9 /* RecipesViewController.xib */ = {isa = PBXFileReference; lastKnownFileType = file.xib; path = RecipesViewController.xib; sourceTree = "<group>"; };
		33B50BAA276F9D4A00B9D1A9 /* ViewControllerRegistrations.swift */ = {isa = PBXFileReference; lastKnownFileType = sourcecode.swift; path = ViewControllerRegistrations.swift; sourceTree = "<group>"; };
		33B50BB4276FA21400B9D1A9 /* FavoritesViewController.swift */ = {isa = PBXFileReference; lastKnownFileType = sourcecode.swift; path = FavoritesViewController.swift; sourceTree = "<group>"; };
		33B50BBF276FA7B200B9D1A9 /* TabBarItemsIconTextTests.swift */ = {isa = PBXFileReference; lastKnownFileType = sourcecode.swift; path = TabBarItemsIconTextTests.swift; sourceTree = "<group>"; };
		33B50BCB276FA90900B9D1A9 /* TabBarTests.swift */ = {isa = PBXFileReference; lastKnownFileType = sourcecode.swift; path = TabBarTests.swift; sourceTree = "<group>"; };
		33BCDCF527712BAB0082873C /* RecipesViewModel.swift */ = {isa = PBXFileReference; lastKnownFileType = sourcecode.swift; path = RecipesViewModel.swift; sourceTree = "<group>"; };
		33BCDCFA27712BF00082873C /* RecipeRepository.swift */ = {isa = PBXFileReference; lastKnownFileType = sourcecode.swift; path = RecipeRepository.swift; sourceTree = "<group>"; };
		33BCDCFF27712C840082873C /* RecipeRemoteService.swift */ = {isa = PBXFileReference; lastKnownFileType = sourcecode.swift; path = RecipeRemoteService.swift; sourceTree = "<group>"; };
		33BCDD0427712CCC0082873C /* RecipeEndpoint.swift */ = {isa = PBXFileReference; lastKnownFileType = sourcecode.swift; path = RecipeEndpoint.swift; sourceTree = "<group>"; };
		33BCDD0927712DC70082873C /* RecipeRemoteDataSource.swift */ = {isa = PBXFileReference; lastKnownFileType = sourcecode.swift; path = RecipeRemoteDataSource.swift; sourceTree = "<group>"; };
		33BCDD0E27712FDA0082873C /* RecipeResponseModel.swift */ = {isa = PBXFileReference; lastKnownFileType = sourcecode.swift; path = RecipeResponseModel.swift; sourceTree = "<group>"; };
		33BCDD13277130030082873C /* RecipeUIModel.swift */ = {isa = PBXFileReference; lastKnownFileType = sourcecode.swift; path = RecipeUIModel.swift; sourceTree = "<group>"; };
		33BCDD19277135010082873C /* RecipeTableViewAdapter.swift */ = {isa = PBXFileReference; lastKnownFileType = sourcecode.swift; path = RecipeTableViewAdapter.swift; sourceTree = "<group>"; };
		33BCDD21277135FF0082873C /* RecipeTableViewCell.swift */ = {isa = PBXFileReference; lastKnownFileType = sourcecode.swift; path = RecipeTableViewCell.swift; sourceTree = "<group>"; };
		33BCDD22277135FF0082873C /* RecipeTableViewCell.xib */ = {isa = PBXFileReference; lastKnownFileType = file.xib; path = RecipeTableViewCell.xib; sourceTree = "<group>"; };
		33BCDD2827713B720082873C /* UITableViewExtensions.swift */ = {isa = PBXFileReference; lastKnownFileType = sourcecode.swift; path = UITableViewExtensions.swift; sourceTree = "<group>"; };
		33D22A2427711513009BEC2E /* ResolverExtensions.swift */ = {isa = PBXFileReference; lastKnownFileType = sourcecode.swift; path = ResolverExtensions.swift; sourceTree = "<group>"; };
		33FAEBEF2771EA7B0060A61F /* FavoritesViewController.xib */ = {isa = PBXFileReference; lastKnownFileType = file.xib; path = FavoritesViewController.xib; sourceTree = "<group>"; };
		33FAEC11277208270060A61F /* MockLocalService.swift */ = {isa = PBXFileReference; lastKnownFileType = sourcecode.swift; path = MockLocalService.swift; sourceTree = "<group>"; };
		33FAEC1A27720BF00060A61F /* RecipeLocalDataSourceTests.swift */ = {isa = PBXFileReference; lastKnownFileType = sourcecode.swift; path = RecipeLocalDataSourceTests.swift; sourceTree = "<group>"; };
		33FAEC2B277211AC0060A61F /* RecipeEndpoinTests.swift */ = {isa = PBXFileReference; lastKnownFileType = sourcecode.swift; path = RecipeEndpoinTests.swift; sourceTree = "<group>"; };
		33FAEC50277248420060A61F /* BaseServiceTests.swift */ = {isa = PBXFileReference; lastKnownFileType = sourcecode.swift; path = BaseServiceTests.swift; sourceTree = "<group>"; };
		33FAEC55277258670060A61F /* MockLoader.swift */ = {isa = PBXFileReference; lastKnownFileType = sourcecode.swift; path = MockLoader.swift; sourceTree = "<group>"; };
		33FAEC6B27725F3A0060A61F /* RecipeUIModelConverter.swift */ = {isa = PBXFileReference; lastKnownFileType = sourcecode.swift; path = RecipeUIModelConverter.swift; sourceTree = "<group>"; };
		33FAECDA277266320060A61F /* RecipeRemoteServiceMock.swift */ = {isa = PBXFileReference; lastKnownFileType = sourcecode.swift; path = RecipeRemoteServiceMock.swift; sourceTree = "<group>"; };
		33FAECF5277267A60060A61F /* RecipeRemoteDataSourceTests.swift */ = {isa = PBXFileReference; lastKnownFileType = sourcecode.swift; path = RecipeRemoteDataSourceTests.swift; sourceTree = "<group>"; };
		33FAED7327727B220060A61F /* README.MD */ = {isa = PBXFileReference; lastKnownFileType = net.daringfireball.markdown; path = README.MD; sourceTree = "<group>"; };
		33FAED7F277300EB0060A61F /* RecipeLocalService.swift */ = {isa = PBXFileReference; lastKnownFileType = sourcecode.swift; path = RecipeLocalService.swift; sourceTree = "<group>"; };
		356501119E8AAA1841409D34 /* Pods-Recipe-RecipeUITests.release.xcconfig */ = {isa = PBXFileReference; includeInIndex = 1; lastKnownFileType = text.xcconfig; name = "Pods-Recipe-RecipeUITests.release.xcconfig"; path = "Target Support Files/Pods-Recipe-RecipeUITests/Pods-Recipe-RecipeUITests.release.xcconfig"; sourceTree = "<group>"; };
		4C890A0A2CCC0F8ECE439B23 /* Pods-Recipe.debug.xcconfig */ = {isa = PBXFileReference; includeInIndex = 1; lastKnownFileType = text.xcconfig; name = "Pods-Recipe.debug.xcconfig"; path = "Target Support Files/Pods-Recipe/Pods-Recipe.debug.xcconfig"; sourceTree = "<group>"; };
		5175C37D332BBE498525B133 /* Pods-RecipeTests.release.xcconfig */ = {isa = PBXFileReference; includeInIndex = 1; lastKnownFileType = text.xcconfig; name = "Pods-RecipeTests.release.xcconfig"; path = "Target Support Files/Pods-RecipeTests/Pods-RecipeTests.release.xcconfig"; sourceTree = "<group>"; };
		59489FB77E1DF444008DDD1B /* Pods_Recipe_RecipeUITests.framework */ = {isa = PBXFileReference; explicitFileType = wrapper.framework; includeInIndex = 0; path = Pods_Recipe_RecipeUITests.framework; sourceTree = BUILT_PRODUCTS_DIR; };
		6A816921F79FBDC4492A622B /* Pods_RecipeTests.framework */ = {isa = PBXFileReference; explicitFileType = wrapper.framework; includeInIndex = 0; path = Pods_RecipeTests.framework; sourceTree = BUILT_PRODUCTS_DIR; };
		A846CE76DB9C30D21CD11F25 /* Pods-Recipe-RecipeUITests.debug.xcconfig */ = {isa = PBXFileReference; includeInIndex = 1; lastKnownFileType = text.xcconfig; name = "Pods-Recipe-RecipeUITests.debug.xcconfig"; path = "Target Support Files/Pods-Recipe-RecipeUITests/Pods-Recipe-RecipeUITests.debug.xcconfig"; sourceTree = "<group>"; };
		F5A337400611FDC5508B737B /* Pods_Recipe.framework */ = {isa = PBXFileReference; explicitFileType = wrapper.framework; includeInIndex = 0; path = Pods_Recipe.framework; sourceTree = BUILT_PRODUCTS_DIR; };
/* End PBXFileReference section */

/* Begin PBXFrameworksBuildPhase section */
		33A10F14276DE67F00051B8F /* Frameworks */ = {
			isa = PBXFrameworksBuildPhase;
			buildActionMask = 2147483647;
			files = (
				6A1F879E84579F34DC5F3123 /* Pods_Recipe.framework in Frameworks */,
			);
			runOnlyForDeploymentPostprocessing = 0;
		};
		33A10F2A276DE68000051B8F /* Frameworks */ = {
			isa = PBXFrameworksBuildPhase;
			buildActionMask = 2147483647;
			files = (
				E4CC1125A926CA8D6B70C4E4 /* Pods_RecipeTests.framework in Frameworks */,
			);
			runOnlyForDeploymentPostprocessing = 0;
		};
		33A10F35276DE68000051B8F /* Frameworks */ = {
			isa = PBXFrameworksBuildPhase;
			buildActionMask = 2147483647;
			files = (
				27BF210046D23AEEF5BF736B /* Pods_Recipe_RecipeUITests.framework in Frameworks */,
			);
			runOnlyForDeploymentPostprocessing = 0;
		};
/* End PBXFrameworksBuildPhase section */

/* Begin PBXGroup section */
		101B6DBD9C9546BBD92704ED /* Pods */ = {
			isa = PBXGroup;
			children = (
				4C890A0A2CCC0F8ECE439B23 /* Pods-Recipe.debug.xcconfig */,
				2F02550D1274E410A8FCCC44 /* Pods-Recipe.release.xcconfig */,
				A846CE76DB9C30D21CD11F25 /* Pods-Recipe-RecipeUITests.debug.xcconfig */,
				356501119E8AAA1841409D34 /* Pods-Recipe-RecipeUITests.release.xcconfig */,
				31D6F5D14ED4A3EFEE90DDEE /* Pods-RecipeTests.debug.xcconfig */,
				5175C37D332BBE498525B133 /* Pods-RecipeTests.release.xcconfig */,
			);
			path = Pods;
			sourceTree = "<group>";
		};
		330425AD2771C5F0005AB1EB /* CoreData */ = {
			isa = PBXGroup;
			children = (
				33FAED7E277300DA0060A61F /* LocalServices */,
				330425BA2771C727005AB1EB /* CoreDataModel */,
				330425B42771C6A8005AB1EB /* Model.xcdatamodeld */,
			);
			path = CoreData;
			sourceTree = "<group>";
		};
		330425BA2771C727005AB1EB /* CoreDataModel */ = {
			isa = PBXGroup;
			children = (
				330425C32771C80D005AB1EB /* FavoritedRecipe.swift */,
			);
			path = CoreDataModel;
			sourceTree = "<group>";
		};
		330425CB2771C87F005AB1EB /* LocalDataSources */ = {
			isa = PBXGroup;
			children = (
				330425D12771C8DD005AB1EB /* RecipeLocalDataSource.swift */,
			);
			path = LocalDataSources;
			sourceTree = "<group>";
		};
		3316812B277099E30094600C /* Data */ = {
			isa = PBXGroup;
			children = (
				3316813627709ABD0094600C /* ResponseModels */,
				3316813F27709B710094600C /* UIModels */,
				3316812D27709A430094600C /* Repositories */,
				3316812C27709A3C0094600C /* RemoteDataSource */,
				330425CB2771C87F005AB1EB /* LocalDataSources */,
			);
			path = Data;
			sourceTree = "<group>";
		};
		3316812C27709A3C0094600C /* RemoteDataSource */ = {
			isa = PBXGroup;
			children = (
				3316812E27709A550094600C /* CollectionsRemoteDataSource.swift */,
				33BCDD0927712DC70082873C /* RecipeRemoteDataSource.swift */,
			);
			path = RemoteDataSource;
			sourceTree = "<group>";
		};
		3316812D27709A430094600C /* Repositories */ = {
			isa = PBXGroup;
			children = (
				331681612770A23D0094600C /* CollectionsRepository.swift */,
				33BCDCFA27712BF00082873C /* RecipeRepository.swift */,
			);
			path = Repositories;
			sourceTree = "<group>";
		};
		3316813627709ABD0094600C /* ResponseModels */ = {
			isa = PBXGroup;
			children = (
				3316813727709AD20094600C /* CollectionsResponseModel.swift */,
				33BCDD0E27712FDA0082873C /* RecipeResponseModel.swift */,
			);
			path = ResponseModels;
			sourceTree = "<group>";
		};
		3316813F27709B710094600C /* UIModels */ = {
			isa = PBXGroup;
			children = (
				3316814027709B7D0094600C /* CollectionsUIModel.swift */,
				33BCDD13277130030082873C /* RecipeUIModel.swift */,
			);
			path = UIModels;
			sourceTree = "<group>";
		};
		3316814527709BF30094600C /* RemoteServices */ = {
			isa = PBXGroup;
			children = (
				3316814627709C0E0094600C /* CollectionsRemoteService.swift */,
				33BCDCFF27712C840082873C /* RecipeRemoteService.swift */,
			);
			path = RemoteServices;
			sourceTree = "<group>";
		};
		3316815B27709F5A0094600C /* Endpoints */ = {
			isa = PBXGroup;
			children = (
				3316815C27709F660094600C /* CollectionsEndpoint.swift */,
				33BCDD0427712CCC0082873C /* RecipeEndpoint.swift */,
			);
			path = Endpoints;
			sourceTree = "<group>";
		};
		331681762770AA5B0094600C /* Base */ = {
			isa = PBXGroup;
			children = (
				331681772770AA6A0094600C /* BaseViewModel.swift */,
				331681852770AF9C0094600C /* BaseViewController.swift */,
			);
			path = Base;
			sourceTree = "<group>";
		};
		3316817C2770AEF60094600C /* Utility */ = {
			isa = PBXGroup;
			children = (
				3316818A2770B0AF0094600C /* Identifier.swift */,
			);
			path = Utility;
			sourceTree = "<group>";
		};
		331681CF2770C93F0094600C /* Extensions */ = {
			isa = PBXGroup;
			children = (
				331681D32770C94B0094600C /* UIIMageViewExtensions.swift */,
				331682022770D2ED0094600C /* UICollectionViewExtensions.swift */,
				33BCDD2827713B720082873C /* UITableViewExtensions.swift */,
			);
			path = Extensions;
			sourceTree = "<group>";
		};
		331681DB2770CAA50094600C /* CollectionsUICollectionViewAdapter */ = {
			isa = PBXGroup;
			children = (
				331682112770D7230094600C /* FlowLayouts */,
				331681DC2770CABB0094600C /* CollectionsUICollectionViewAdapter.swift */,
				3316820A2770D3660094600C /* TitleAndImageCollectionViewCell.swift */,
				3316820B2770D3660094600C /* TitleAndImageCollectionViewCell.xib */,
			);
			path = CollectionsUICollectionViewAdapter;
			sourceTree = "<group>";
		};
		331682112770D7230094600C /* FlowLayouts */ = {
			isa = PBXGroup;
			children = (
				331682122770D7350094600C /* ListFlowLayout.swift */,
				331682172770D7410094600C /* GridFlowLayout.swift */,
				3316821C2770D7910094600C /* LayoutProtocol.swift */,
			);
			path = FlowLayouts;
			sourceTree = "<group>";
		};
		331682262770FEB70094600C /* Common */ = {
			isa = PBXGroup;
			children = (
				331682272770FECC0094600C /* ListStateTests.swift */,
			);
			path = Common;
			sourceTree = "<group>";
		};
		3316822F277100CC0094600C /* CollectionsTests */ = {
			isa = PBXGroup;
			children = (
				33168230277100E40094600C /* CollectionsUICollectionViewAdapterTests.swift */,
			);
			path = CollectionsTests;
			sourceTree = "<group>";
		};
		33168238277105540094600C /* Network */ = {
			isa = PBXGroup;
			children = (
				331682392771055A0094600C /* EndpointsTests */,
				33FAEC50277248420060A61F /* BaseServiceTests.swift */,
			);
			path = Network;
			sourceTree = "<group>";
		};
		331682392771055A0094600C /* EndpointsTests */ = {
			isa = PBXGroup;
			children = (
				3316823A277105700094600C /* CollectionsEndpointTests.swift */,
				33FAEC2B277211AC0060A61F /* RecipeEndpoinTests.swift */,
			);
			path = EndpointsTests;
			sourceTree = "<group>";
		};
		33168245277108C50094600C /* Data */ = {
			isa = PBXGroup;
			children = (
				33FAEC19277209030060A61F /* LocalDataSourceTests */,
				3316824F27710D350094600C /* RemoteDataSourceTests */,
				33168246277108C90094600C /* UIModelConverterTests */,
			);
			path = Data;
			sourceTree = "<group>";
		};
		33168246277108C90094600C /* UIModelConverterTests */ = {
			isa = PBXGroup;
			children = (
				33168247277108EF0094600C /* CollectionsUIModelConverterTests.swift */,
				33FAEC6B27725F3A0060A61F /* RecipeUIModelConverter.swift */,
			);
			path = UIModelConverterTests;
			sourceTree = "<group>";
		};
		3316824F27710D350094600C /* RemoteDataSourceTests */ = {
			isa = PBXGroup;
			children = (
				3316825B27710D6D0094600C /* CollectionsRemoteDataSourceTests.swift */,
				33FAECF5277267A60060A61F /* RecipeRemoteDataSourceTests.swift */,
			);
			path = RemoteDataSourceTests;
			sourceTree = "<group>";
		};
		3316827827710F0B0094600C /* Mocks */ = {
			isa = PBXGroup;
			children = (
				33FAECD9277266120060A61F /* RemoteServices */,
				33FAEC11277208270060A61F /* MockLocalService.swift */,
				33FAEC55277258670060A61F /* MockLoader.swift */,
			);
			path = Mocks;
			sourceTree = "<group>";
		};
		33A10F0E276DE67F00051B8F = {
			isa = PBXGroup;
			children = (
				33A10F19276DE67F00051B8F /* Recipe */,
				33A10F30276DE68000051B8F /* RecipeTests */,
				33A10F3B276DE68000051B8F /* RecipeUITests */,
				33A10F18276DE67F00051B8F /* Products */,
				101B6DBD9C9546BBD92704ED /* Pods */,
				33FAED7327727B220060A61F /* README.MD */,
				8B939228BC3CE962B846197E /* Frameworks */,
			);
			sourceTree = "<group>";
		};
		33A10F18276DE67F00051B8F /* Products */ = {
			isa = PBXGroup;
			children = (
				33A10F17276DE67F00051B8F /* Recipe.app */,
				33A10F2D276DE68000051B8F /* RecipeTests.xctest */,
				33A10F38276DE68000051B8F /* RecipeUITests.xctest */,
			);
			name = Products;
			sourceTree = "<group>";
		};
		33A10F19276DE67F00051B8F /* Recipe */ = {
			isa = PBXGroup;
			children = (
				33A1100A276E140A00051B8F /* Application */,
				33A11001276E12CA00051B8F /* DependencyInjections */,
				331681762770AA5B0094600C /* Base */,
				33B50B88276F9BDD00B9D1A9 /* Scenes */,
				33B50ADF276EACCA00B9D1A9 /* Network */,
				330425AD2771C5F0005AB1EB /* CoreData */,
				3316812B277099E30094600C /* Data */,
				33A10F4D276DE6C300051B8F /* Supporting Files */,
				33A10F54276DE71600051B8F /* Common */,
				3316817C2770AEF60094600C /* Utility */,
				33A10F8A276DE99700051B8F /* Resources */,
				33A10F6D276DE7F800051B8F /* Theme */,
				33A10F20276DE67F00051B8F /* Main.storyboard */,
			);
			path = Recipe;
			sourceTree = "<group>";
		};
		33A10F30276DE68000051B8F /* RecipeTests */ = {
			isa = PBXGroup;
			children = (
				33D22A23277114F4009BEC2E /* Helpers */,
				3316827827710F0B0094600C /* Mocks */,
				33168245277108C50094600C /* Data */,
				33168238277105540094600C /* Network */,
				331682262770FEB70094600C /* Common */,
				33B50BBE276FA7A400B9D1A9 /* Scenes */,
				33A10F9A276DEAF300051B8F /* ThemeTests */,
				33A10F33276DE68000051B8F /* Info.plist */,
			);
			path = RecipeTests;
			sourceTree = "<group>";
		};
		33A10F3B276DE68000051B8F /* RecipeUITests */ = {
			isa = PBXGroup;
			children = (
				33A10F3C276DE68000051B8F /* RecipeUITests.swift */,
				33A10F3E276DE68000051B8F /* Info.plist */,
			);
			path = RecipeUITests;
			sourceTree = "<group>";
		};
		33A10F4D276DE6C300051B8F /* Supporting Files */ = {
			isa = PBXGroup;
			children = (
				33A10F25276DE68000051B8F /* LaunchScreen.storyboard */,
				33A10F28276DE68000051B8F /* Info.plist */,
			);
			path = "Supporting Files";
			sourceTree = "<group>";
		};
		33A10F54276DE71600051B8F /* Common */ = {
			isa = PBXGroup;
			children = (
				331681CF2770C93F0094600C /* Extensions */,
				331681C02770BFF50094600C /* NavigatonBarConfigurable.swift */,
				331682212770E36C0094600C /* ListState.swift */,
			);
			path = Common;
			sourceTree = "<group>";
		};
		33A10F6D276DE7F800051B8F /* Theme */ = {
			isa = PBXGroup;
			children = (
				33A10F7C276DE8E000051B8F /* Color */,
				33A10F6E276DE87000051B8F /* Image */,
			);
			path = Theme;
			sourceTree = "<group>";
		};
		33A10F6E276DE87000051B8F /* Image */ = {
			isa = PBXGroup;
			children = (
				33A10F6F276DE87B00051B8F /* ImageStyle.swift */,
				33A10F77276DE8AF00051B8F /* Theme+UIImageExtension.swift */,
			);
			path = Image;
			sourceTree = "<group>";
		};
		33A10F7C276DE8E000051B8F /* Color */ = {
			isa = PBXGroup;
			children = (
				33A10F7D276DE8F700051B8F /* ColorStyle.swift */,
				33A10F85276DE95800051B8F /* Theme+UIColorExtension.swift */,
			);
			path = Color;
			sourceTree = "<group>";
		};
		33A10F8A276DE99700051B8F /* Resources */ = {
			isa = PBXGroup;
			children = (
				33A10F8B276DE9C500051B8F /* Colors.xcassets */,
				33A10F90276DE9DC00051B8F /* Icons.xcassets */,
				33A10FAB276DF0F800051B8F /* Assets.xcassets */,
			);
			path = Resources;
			sourceTree = "<group>";
		};
		33A10F9A276DEAF300051B8F /* ThemeTests */ = {
			isa = PBXGroup;
			children = (
				33A10F9B276DEB0B00051B8F /* ColorTests.swift */,
				33A10FA3276DEE8F00051B8F /* IconTests.swift */,
			);
			path = ThemeTests;
			sourceTree = "<group>";
		};
		33A11001276E12CA00051B8F /* DependencyInjections */ = {
			isa = PBXGroup;
			children = (
				33A11002276E12EB00051B8F /* Resolver+Typealias.swift */,
				33B50B29276F5F7100B9D1A9 /* ServiceRegistrations.swift */,
				33B50BAA276F9D4A00B9D1A9 /* ViewControllerRegistrations.swift */,
				331681662770A3B70094600C /* DataSourceRegistrations.swift */,
				3316816B2770A4360094600C /* RepositoryRegistrations.swift */,
				331681712770A4960094600C /* ViewModelRegistrations.swift */,
			);
			path = DependencyInjections;
			sourceTree = "<group>";
		};
		33A1100A276E140A00051B8F /* Application */ = {
			isa = PBXGroup;
			children = (
				33A1100E276E147000051B8F /* Services */,
				33A10F1A276DE67F00051B8F /* AppDelegate.swift */,
				33A10F1C276DE67F00051B8F /* SceneDelegate.swift */,
			);
			path = Application;
			sourceTree = "<group>";
		};
		33A1100E276E147000051B8F /* Services */ = {
			isa = PBXGroup;
			children = (
				33A1100F276E148100051B8F /* DependencyRegistrationService.swift */,
				33B50B83276F99C400B9D1A9 /* AppearanceInitializationService.swift */,
			);
			path = Services;
			sourceTree = "<group>";
		};
		33B50ADF276EACCA00B9D1A9 /* Network */ = {
			isa = PBXGroup;
			children = (
				3316815B27709F5A0094600C /* Endpoints */,
				3316814527709BF30094600C /* RemoteServices */,
				33B50B4C276F660F00B9D1A9 /* Protocols */,
				33B50AF3276EADE800B9D1A9 /* Extensions */,
				33B50AE8276EAD5000B9D1A9 /* Entities */,
				33B50AE0276EACD900B9D1A9 /* BaseService.swift */,
			);
			path = Network;
			sourceTree = "<group>";
		};
		33B50AE8276EAD5000B9D1A9 /* Entities */ = {
			isa = PBXGroup;
			children = (
				33B50AE9276EAD5D00B9D1A9 /* RecipeError.swift */,
				33B50AEE276EADA200B9D1A9 /* HTTPStatus.swift */,
				33B50B01276F459500B9D1A9 /* EndpointComponent.swift */,
				33B50B1F276F526E00B9D1A9 /* RequestObject.swift */,
				33B50B24276F533E00B9D1A9 /* HTTPMethod.swift */,
			);
			path = Entities;
			sourceTree = "<group>";
		};
		33B50AF3276EADE800B9D1A9 /* Extensions */ = {
			isa = PBXGroup;
			children = (
				33B50AF4276EADF500B9D1A9 /* HTTPURLResponseExtensions.swift */,
				33B50AFC276F457400B9D1A9 /* URLComponentsExtensions.swift */,
				33B50B68276F666D00B9D1A9 /* URLSessionExtensions.swift */,
			);
			path = Extensions;
			sourceTree = "<group>";
		};
		33B50B4C276F660F00B9D1A9 /* Protocols */ = {
			isa = PBXGroup;
			children = (
				33B50B4D276F661D00B9D1A9 /* BaseServiceProtocol.swift */,
				33B50B1A276F472700B9D1A9 /* NetworkLoader.swift */,
				3316814E27709CCD0094600C /* Requestable.swift */,
				3316815327709D870094600C /* TargetEndpointProtocol.swift */,
			);
			path = Protocols;
			sourceTree = "<group>";
		};
		33B50B88276F9BDD00B9D1A9 /* Scenes */ = {
			isa = PBXGroup;
			children = (
				33B50B8E276F9CC600B9D1A9 /* TabBar */,
				33B50B8F276F9CD100B9D1A9 /* Collections */,
				33B50B9A276F9CFA00B9D1A9 /* Recipes */,
				33B50BB3276FA1F000B9D1A9 /* Favorites */,
			);
			path = Scenes;
			sourceTree = "<group>";
		};
		33B50B8E276F9CC600B9D1A9 /* TabBar */ = {
			isa = PBXGroup;
			children = (
				33B50B89276F9C0C00B9D1A9 /* TabBarController.swift */,
			);
			path = TabBar;
			sourceTree = "<group>";
		};
		33B50B8F276F9CD100B9D1A9 /* Collections */ = {
			isa = PBXGroup;
			children = (
				331681DB2770CAA50094600C /* CollectionsUICollectionViewAdapter */,
				33B50B90276F9CEB00B9D1A9 /* CollectionsViewController.swift */,
				33B50B91276F9CEB00B9D1A9 /* CollectionsViewController.xib */,
				331681262770991C0094600C /* CollectionsViewModel.swift */,
			);
			path = Collections;
			sourceTree = "<group>";
		};
		33B50B9A276F9CFA00B9D1A9 /* Recipes */ = {
			isa = PBXGroup;
			children = (
				33BCDD18277134ED0082873C /* RecipeTableViewAdapter */,
				33B50BA3276F9D2A00B9D1A9 /* RecipesViewController.swift */,
				33B50BA4276F9D2A00B9D1A9 /* RecipesViewController.xib */,
				33BCDCF527712BAB0082873C /* RecipesViewModel.swift */,
			);
			path = Recipes;
			sourceTree = "<group>";
		};
		33B50BB3276FA1F000B9D1A9 /* Favorites */ = {
			isa = PBXGroup;
			children = (
				33B50BB4276FA21400B9D1A9 /* FavoritesViewController.swift */,
				330425E12771E479005AB1EB /* FavoritesViewModel.swift */,
				33FAEBEF2771EA7B0060A61F /* FavoritesViewController.xib */,
			);
			path = Favorites;
			sourceTree = "<group>";
		};
		33B50BBE276FA7A400B9D1A9 /* Scenes */ = {
			isa = PBXGroup;
			children = (
				3316822F277100CC0094600C /* CollectionsTests */,
				33B50BCA276FA8A600B9D1A9 /* TabBarTests */,
			);
			path = Scenes;
			sourceTree = "<group>";
		};
		33B50BCA276FA8A600B9D1A9 /* TabBarTests */ = {
			isa = PBXGroup;
			children = (
				33B50BBF276FA7B200B9D1A9 /* TabBarItemsIconTextTests.swift */,
				33B50BCB276FA90900B9D1A9 /* TabBarTests.swift */,
			);
			path = TabBarTests;
			sourceTree = "<group>";
		};
		33BCDD18277134ED0082873C /* RecipeTableViewAdapter */ = {
			isa = PBXGroup;
			children = (
				33BCDD19277135010082873C /* RecipeTableViewAdapter.swift */,
				33BCDD21277135FF0082873C /* RecipeTableViewCell.swift */,
				33BCDD22277135FF0082873C /* RecipeTableViewCell.xib */,
			);
			path = RecipeTableViewAdapter;
			sourceTree = "<group>";
		};
		33D22A23277114F4009BEC2E /* Helpers */ = {
			isa = PBXGroup;
			children = (
				33D22A2427711513009BEC2E /* ResolverExtensions.swift */,
			);
			path = Helpers;
			sourceTree = "<group>";
		};
		33FAEC19277209030060A61F /* LocalDataSourceTests */ = {
			isa = PBXGroup;
			children = (
				33FAEC1A27720BF00060A61F /* RecipeLocalDataSourceTests.swift */,
			);
			path = LocalDataSourceTests;
			sourceTree = "<group>";
		};
		33FAECD9277266120060A61F /* RemoteServices */ = {
			isa = PBXGroup;
			children = (
				3316827927710F2C0094600C /* CollectionsRemoteServiceMock.swift */,
				33FAECDA277266320060A61F /* RecipeRemoteServiceMock.swift */,
			);
			path = RemoteServices;
			sourceTree = "<group>";
		};
		33FAED7E277300DA0060A61F /* LocalServices */ = {
			isa = PBXGroup;
			children = (
				330425CC2771C89B005AB1EB /* LocalService.swift */,
				33FAED7F277300EB0060A61F /* RecipeLocalService.swift */,
			);
			path = LocalServices;
			sourceTree = "<group>";
		};
		8B939228BC3CE962B846197E /* Frameworks */ = {
			isa = PBXGroup;
			children = (
				F5A337400611FDC5508B737B /* Pods_Recipe.framework */,
				59489FB77E1DF444008DDD1B /* Pods_Recipe_RecipeUITests.framework */,
				6A816921F79FBDC4492A622B /* Pods_RecipeTests.framework */,
			);
			name = Frameworks;
			sourceTree = "<group>";
		};
/* End PBXGroup section */

/* Begin PBXNativeTarget section */
		33A10F16276DE67F00051B8F /* Recipe */ = {
			isa = PBXNativeTarget;
			buildConfigurationList = 33A10F41276DE68000051B8F /* Build configuration list for PBXNativeTarget "Recipe" */;
			buildPhases = (
				40E98D8F5FFE4A2E32D6820B /* [CP] Check Pods Manifest.lock */,
				33A10F13276DE67F00051B8F /* Sources */,
				33A10F14276DE67F00051B8F /* Frameworks */,
				33A10F15276DE67F00051B8F /* Resources */,
				873F423D5E7B0A2B373B7E00 /* [CP] Embed Pods Frameworks */,
			);
			buildRules = (
			);
			dependencies = (
			);
			name = Recipe;
			productName = Recipe;
			productReference = 33A10F17276DE67F00051B8F /* Recipe.app */;
			productType = "com.apple.product-type.application";
		};
		33A10F2C276DE68000051B8F /* RecipeTests */ = {
			isa = PBXNativeTarget;
			buildConfigurationList = 33A10F44276DE68000051B8F /* Build configuration list for PBXNativeTarget "RecipeTests" */;
			buildPhases = (
				295A72B032F6A18CDA09BD32 /* [CP] Check Pods Manifest.lock */,
				33A10F29276DE68000051B8F /* Sources */,
				33A10F2A276DE68000051B8F /* Frameworks */,
				33A10F2B276DE68000051B8F /* Resources */,
			);
			buildRules = (
			);
			dependencies = (
				33A10F2F276DE68000051B8F /* PBXTargetDependency */,
			);
			name = RecipeTests;
			productName = RecipeTests;
			productReference = 33A10F2D276DE68000051B8F /* RecipeTests.xctest */;
			productType = "com.apple.product-type.bundle.unit-test";
		};
		33A10F37276DE68000051B8F /* RecipeUITests */ = {
			isa = PBXNativeTarget;
			buildConfigurationList = 33A10F47276DE68000051B8F /* Build configuration list for PBXNativeTarget "RecipeUITests" */;
			buildPhases = (
				C9D6CB387FC3F8463045FF17 /* [CP] Check Pods Manifest.lock */,
				33A10F34276DE68000051B8F /* Sources */,
				33A10F35276DE68000051B8F /* Frameworks */,
				33A10F36276DE68000051B8F /* Resources */,
				D5E8A2C42E0B02189A85056B /* [CP] Embed Pods Frameworks */,
			);
			buildRules = (
			);
			dependencies = (
				33A10F3A276DE68000051B8F /* PBXTargetDependency */,
			);
			name = RecipeUITests;
			productName = RecipeUITests;
			productReference = 33A10F38276DE68000051B8F /* RecipeUITests.xctest */;
			productType = "com.apple.product-type.bundle.ui-testing";
		};
/* End PBXNativeTarget section */

/* Begin PBXProject section */
		33A10F0F276DE67F00051B8F /* Project object */ = {
			isa = PBXProject;
			attributes = {
				LastSwiftUpdateCheck = 1210;
				LastUpgradeCheck = 1210;
				TargetAttributes = {
					33A10F16276DE67F00051B8F = {
						CreatedOnToolsVersion = 12.1;
					};
					33A10F2C276DE68000051B8F = {
						CreatedOnToolsVersion = 12.1;
						TestTargetID = 33A10F16276DE67F00051B8F;
					};
					33A10F37276DE68000051B8F = {
						CreatedOnToolsVersion = 12.1;
						TestTargetID = 33A10F16276DE67F00051B8F;
					};
				};
			};
			buildConfigurationList = 33A10F12276DE67F00051B8F /* Build configuration list for PBXProject "Recipe" */;
			compatibilityVersion = "Xcode 9.3";
			developmentRegion = en;
			hasScannedForEncodings = 0;
			knownRegions = (
				en,
				Base,
			);
			mainGroup = 33A10F0E276DE67F00051B8F;
			productRefGroup = 33A10F18276DE67F00051B8F /* Products */;
			projectDirPath = "";
			projectRoot = "";
			targets = (
				33A10F16276DE67F00051B8F /* Recipe */,
				33A10F2C276DE68000051B8F /* RecipeTests */,
				33A10F37276DE68000051B8F /* RecipeUITests */,
			);
		};
/* End PBXProject section */

/* Begin PBXResourcesBuildPhase section */
		33A10F15276DE67F00051B8F /* Resources */ = {
			isa = PBXResourcesBuildPhase;
			buildActionMask = 2147483647;
			files = (
				33A10F27276DE68000051B8F /* LaunchScreen.storyboard in Resources */,
				33A10F8C276DE9C500051B8F /* Colors.xcassets in Resources */,
				33A10F22276DE67F00051B8F /* Main.storyboard in Resources */,
				33B50BA6276F9D2A00B9D1A9 /* RecipesViewController.xib in Resources */,
				33FAEBF02771EA7B0060A61F /* FavoritesViewController.xib in Resources */,
				33FAED7427727B220060A61F /* README.MD in Resources */,
				33BCDD24277135FF0082873C /* RecipeTableViewCell.xib in Resources */,
				33A10FAC276DF0F800051B8F /* Assets.xcassets in Resources */,
				33A10F91276DE9DC00051B8F /* Icons.xcassets in Resources */,
				33B50B93276F9CEB00B9D1A9 /* CollectionsViewController.xib in Resources */,
				3316820D2770D3660094600C /* TitleAndImageCollectionViewCell.xib in Resources */,
			);
			runOnlyForDeploymentPostprocessing = 0;
		};
		33A10F2B276DE68000051B8F /* Resources */ = {
			isa = PBXResourcesBuildPhase;
			buildActionMask = 2147483647;
			files = (
			);
			runOnlyForDeploymentPostprocessing = 0;
		};
		33A10F36276DE68000051B8F /* Resources */ = {
			isa = PBXResourcesBuildPhase;
			buildActionMask = 2147483647;
			files = (
			);
			runOnlyForDeploymentPostprocessing = 0;
		};
/* End PBXResourcesBuildPhase section */

/* Begin PBXShellScriptBuildPhase section */
		295A72B032F6A18CDA09BD32 /* [CP] Check Pods Manifest.lock */ = {
			isa = PBXShellScriptBuildPhase;
			buildActionMask = 2147483647;
			files = (
			);
			inputFileListPaths = (
			);
			inputPaths = (
				"${PODS_PODFILE_DIR_PATH}/Podfile.lock",
				"${PODS_ROOT}/Manifest.lock",
			);
			name = "[CP] Check Pods Manifest.lock";
			outputFileListPaths = (
			);
			outputPaths = (
				"$(DERIVED_FILE_DIR)/Pods-RecipeTests-checkManifestLockResult.txt",
			);
			runOnlyForDeploymentPostprocessing = 0;
			shellPath = /bin/sh;
			shellScript = "diff \"${PODS_PODFILE_DIR_PATH}/Podfile.lock\" \"${PODS_ROOT}/Manifest.lock\" > /dev/null\nif [ $? != 0 ] ; then\n    # print error to STDERR\n    echo \"error: The sandbox is not in sync with the Podfile.lock. Run 'pod install' or update your CocoaPods installation.\" >&2\n    exit 1\nfi\n# This output is used by Xcode 'outputs' to avoid re-running this script phase.\necho \"SUCCESS\" > \"${SCRIPT_OUTPUT_FILE_0}\"\n";
			showEnvVarsInLog = 0;
		};
		40E98D8F5FFE4A2E32D6820B /* [CP] Check Pods Manifest.lock */ = {
			isa = PBXShellScriptBuildPhase;
			buildActionMask = 2147483647;
			files = (
			);
			inputFileListPaths = (
			);
			inputPaths = (
				"${PODS_PODFILE_DIR_PATH}/Podfile.lock",
				"${PODS_ROOT}/Manifest.lock",
			);
			name = "[CP] Check Pods Manifest.lock";
			outputFileListPaths = (
			);
			outputPaths = (
				"$(DERIVED_FILE_DIR)/Pods-Recipe-checkManifestLockResult.txt",
			);
			runOnlyForDeploymentPostprocessing = 0;
			shellPath = /bin/sh;
			shellScript = "diff \"${PODS_PODFILE_DIR_PATH}/Podfile.lock\" \"${PODS_ROOT}/Manifest.lock\" > /dev/null\nif [ $? != 0 ] ; then\n    # print error to STDERR\n    echo \"error: The sandbox is not in sync with the Podfile.lock. Run 'pod install' or update your CocoaPods installation.\" >&2\n    exit 1\nfi\n# This output is used by Xcode 'outputs' to avoid re-running this script phase.\necho \"SUCCESS\" > \"${SCRIPT_OUTPUT_FILE_0}\"\n";
			showEnvVarsInLog = 0;
		};
		873F423D5E7B0A2B373B7E00 /* [CP] Embed Pods Frameworks */ = {
			isa = PBXShellScriptBuildPhase;
			buildActionMask = 2147483647;
			files = (
			);
			inputFileListPaths = (
				"${PODS_ROOT}/Target Support Files/Pods-Recipe/Pods-Recipe-frameworks-${CONFIGURATION}-input-files.xcfilelist",
			);
			name = "[CP] Embed Pods Frameworks";
			outputFileListPaths = (
				"${PODS_ROOT}/Target Support Files/Pods-Recipe/Pods-Recipe-frameworks-${CONFIGURATION}-output-files.xcfilelist",
			);
			runOnlyForDeploymentPostprocessing = 0;
			shellPath = /bin/sh;
			shellScript = "\"${PODS_ROOT}/Target Support Files/Pods-Recipe/Pods-Recipe-frameworks.sh\"\n";
			showEnvVarsInLog = 0;
		};
		C9D6CB387FC3F8463045FF17 /* [CP] Check Pods Manifest.lock */ = {
			isa = PBXShellScriptBuildPhase;
			buildActionMask = 2147483647;
			files = (
			);
			inputFileListPaths = (
			);
			inputPaths = (
				"${PODS_PODFILE_DIR_PATH}/Podfile.lock",
				"${PODS_ROOT}/Manifest.lock",
			);
			name = "[CP] Check Pods Manifest.lock";
			outputFileListPaths = (
			);
			outputPaths = (
				"$(DERIVED_FILE_DIR)/Pods-Recipe-RecipeUITests-checkManifestLockResult.txt",
			);
			runOnlyForDeploymentPostprocessing = 0;
			shellPath = /bin/sh;
			shellScript = "diff \"${PODS_PODFILE_DIR_PATH}/Podfile.lock\" \"${PODS_ROOT}/Manifest.lock\" > /dev/null\nif [ $? != 0 ] ; then\n    # print error to STDERR\n    echo \"error: The sandbox is not in sync with the Podfile.lock. Run 'pod install' or update your CocoaPods installation.\" >&2\n    exit 1\nfi\n# This output is used by Xcode 'outputs' to avoid re-running this script phase.\necho \"SUCCESS\" > \"${SCRIPT_OUTPUT_FILE_0}\"\n";
			showEnvVarsInLog = 0;
		};
		D5E8A2C42E0B02189A85056B /* [CP] Embed Pods Frameworks */ = {
			isa = PBXShellScriptBuildPhase;
			buildActionMask = 2147483647;
			files = (
			);
			inputFileListPaths = (
				"${PODS_ROOT}/Target Support Files/Pods-Recipe-RecipeUITests/Pods-Recipe-RecipeUITests-frameworks-${CONFIGURATION}-input-files.xcfilelist",
			);
			name = "[CP] Embed Pods Frameworks";
			outputFileListPaths = (
				"${PODS_ROOT}/Target Support Files/Pods-Recipe-RecipeUITests/Pods-Recipe-RecipeUITests-frameworks-${CONFIGURATION}-output-files.xcfilelist",
			);
			runOnlyForDeploymentPostprocessing = 0;
			shellPath = /bin/sh;
			shellScript = "\"${PODS_ROOT}/Target Support Files/Pods-Recipe-RecipeUITests/Pods-Recipe-RecipeUITests-frameworks.sh\"\n";
			showEnvVarsInLog = 0;
		};
/* End PBXShellScriptBuildPhase section */

/* Begin PBXSourcesBuildPhase section */
		33A10F13276DE67F00051B8F /* Sources */ = {
			isa = PBXSourcesBuildPhase;
			buildActionMask = 2147483647;
			files = (
				33BCDD0527712CCC0082873C /* RecipeEndpoint.swift in Sources */,
				3316813827709AD20094600C /* CollectionsResponseModel.swift in Sources */,
				331682132770D7350094600C /* ListFlowLayout.swift in Sources */,
				3316814127709B7D0094600C /* CollectionsUIModel.swift in Sources */,
				33B50B92276F9CEB00B9D1A9 /* CollectionsViewController.swift in Sources */,
				33B50BB6276FA21400B9D1A9 /* FavoritesViewController.swift in Sources */,
				33A11010276E148100051B8F /* DependencyRegistrationService.swift in Sources */,
				33BCDD14277130030082873C /* RecipeUIModel.swift in Sources */,
				331681272770991C0094600C /* CollectionsViewModel.swift in Sources */,
				331682032770D2ED0094600C /* UICollectionViewExtensions.swift in Sources */,
				33B50B69276F666D00B9D1A9 /* URLSessionExtensions.swift in Sources */,
				330425E22771E479005AB1EB /* FavoritesViewModel.swift in Sources */,
				33A10F1B276DE67F00051B8F /* AppDelegate.swift in Sources */,
				331681862770AF9C0094600C /* BaseViewController.swift in Sources */,
				3316818B2770B0AF0094600C /* Identifier.swift in Sources */,
				33A10F1D276DE67F00051B8F /* SceneDelegate.swift in Sources */,
				331681672770A3B70094600C /* DataSourceRegistrations.swift in Sources */,
				3316814F27709CCD0094600C /* Requestable.swift in Sources */,
				33BCDCF627712BAB0082873C /* RecipesViewModel.swift in Sources */,
				33B50B02276F459500B9D1A9 /* EndpointComponent.swift in Sources */,
				33A10F7E276DE8F700051B8F /* ColorStyle.swift in Sources */,
				331681C12770BFF50094600C /* NavigatonBarConfigurable.swift in Sources */,
				33B50BA5276F9D2A00B9D1A9 /* RecipesViewController.swift in Sources */,
				331682222770E36C0094600C /* ListState.swift in Sources */,
				33B50B2A276F5F7100B9D1A9 /* ServiceRegistrations.swift in Sources */,
				33FAED80277300EB0060A61F /* RecipeLocalService.swift in Sources */,
				33A10F70276DE87B00051B8F /* ImageStyle.swift in Sources */,
				33B50AEA276EAD5D00B9D1A9 /* RecipeError.swift in Sources */,
				3316821D2770D7910094600C /* LayoutProtocol.swift in Sources */,
				33B50AF5276EADF500B9D1A9 /* HTTPURLResponseExtensions.swift in Sources */,
				33A10F78276DE8AF00051B8F /* Theme+UIImageExtension.swift in Sources */,
				33BCDD2927713B720082873C /* UITableViewExtensions.swift in Sources */,
				331681722770A4960094600C /* ViewModelRegistrations.swift in Sources */,
				331681782770AA6A0094600C /* BaseViewModel.swift in Sources */,
				33A10F86276DE95800051B8F /* Theme+UIColorExtension.swift in Sources */,
				3316814727709C0E0094600C /* CollectionsRemoteService.swift in Sources */,
				331681D42770C94B0094600C /* UIIMageViewExtensions.swift in Sources */,
				33B50B84276F99C400B9D1A9 /* AppearanceInitializationService.swift in Sources */,
				3316816C2770A4360094600C /* RepositoryRegistrations.swift in Sources */,
				33BCDD0F27712FDA0082873C /* RecipeResponseModel.swift in Sources */,
				33B50AE1276EACD900B9D1A9 /* BaseService.swift in Sources */,
				331681622770A23D0094600C /* CollectionsRepository.swift in Sources */,
				330425CD2771C89B005AB1EB /* LocalService.swift in Sources */,
				33B50B8A276F9C0C00B9D1A9 /* TabBarController.swift in Sources */,
				331681DD2770CABB0094600C /* CollectionsUICollectionViewAdapter.swift in Sources */,
				33A11003276E12EB00051B8F /* Resolver+Typealias.swift in Sources */,
				330425D22771C8DD005AB1EB /* RecipeLocalDataSource.swift in Sources */,
				33BCDD1A277135010082873C /* RecipeTableViewAdapter.swift in Sources */,
				3316815427709D870094600C /* TargetEndpointProtocol.swift in Sources */,
				33B50AEF276EADA200B9D1A9 /* HTTPStatus.swift in Sources */,
				33B50B25276F533E00B9D1A9 /* HTTPMethod.swift in Sources */,
				3316812F27709A550094600C /* CollectionsRemoteDataSource.swift in Sources */,
				33B50B1B276F472700B9D1A9 /* NetworkLoader.swift in Sources */,
				33B50B20276F526E00B9D1A9 /* RequestObject.swift in Sources */,
				330425C42771C80D005AB1EB /* FavoritedRecipe.swift in Sources */,
				330425B62771C6A8005AB1EB /* Model.xcdatamodeld in Sources */,
				3316815D27709F660094600C /* CollectionsEndpoint.swift in Sources */,
				33BCDD23277135FF0082873C /* RecipeTableViewCell.swift in Sources */,
				33BCDD0027712C840082873C /* RecipeRemoteService.swift in Sources */,
				33B50BAB276F9D4A00B9D1A9 /* ViewControllerRegistrations.swift in Sources */,
				3316820C2770D3660094600C /* TitleAndImageCollectionViewCell.swift in Sources */,
				331682182770D7410094600C /* GridFlowLayout.swift in Sources */,
				33BCDCFB27712BF00082873C /* RecipeRepository.swift in Sources */,
				33B50B4E276F661D00B9D1A9 /* BaseServiceProtocol.swift in Sources */,
				33BCDD0A27712DC70082873C /* RecipeRemoteDataSource.swift in Sources */,
				33B50AFD276F457400B9D1A9 /* URLComponentsExtensions.swift in Sources */,
			);
			runOnlyForDeploymentPostprocessing = 0;
		};
		33A10F29276DE68000051B8F /* Sources */ = {
			isa = PBXSourcesBuildPhase;
			buildActionMask = 2147483647;
			files = (
				3316823B277105700094600C /* CollectionsEndpointTests.swift in Sources */,
				33FAEC1B27720BF00060A61F /* RecipeLocalDataSourceTests.swift in Sources */,
				33D22A2527711513009BEC2E /* ResolverExtensions.swift in Sources */,
				33B50BC0276FA7B200B9D1A9 /* TabBarItemsIconTextTests.swift in Sources */,
				33FAEC51277248420060A61F /* BaseServiceTests.swift in Sources */,
				33FAEC6C27725F3A0060A61F /* RecipeUIModelConverter.swift in Sources */,
				33FAEC12277208270060A61F /* MockLocalService.swift in Sources */,
				33168248277108EF0094600C /* CollectionsUIModelConverterTests.swift in Sources */,
				331682282770FECC0094600C /* ListStateTests.swift in Sources */,
				33A10FA4276DEE8F00051B8F /* IconTests.swift in Sources */,
				33B50BCC276FA90900B9D1A9 /* TabBarTests.swift in Sources */,
				3316825C27710D6D0094600C /* CollectionsRemoteDataSourceTests.swift in Sources */,
				3316827A27710F2C0094600C /* CollectionsRemoteServiceMock.swift in Sources */,
				33FAECF6277267A60060A61F /* RecipeRemoteDataSourceTests.swift in Sources */,
				33FAECDB277266320060A61F /* RecipeRemoteServiceMock.swift in Sources */,
				33FAEC56277258670060A61F /* MockLoader.swift in Sources */,
				33168231277100E40094600C /* CollectionsUICollectionViewAdapterTests.swift in Sources */,
				33A10F9C276DEB0B00051B8F /* ColorTests.swift in Sources */,
				33FAEC2C277211AC0060A61F /* RecipeEndpoinTests.swift in Sources */,
			);
			runOnlyForDeploymentPostprocessing = 0;
		};
		33A10F34276DE68000051B8F /* Sources */ = {
			isa = PBXSourcesBuildPhase;
			buildActionMask = 2147483647;
			files = (
				33A10F3D276DE68000051B8F /* RecipeUITests.swift in Sources */,
			);
			runOnlyForDeploymentPostprocessing = 0;
		};
/* End PBXSourcesBuildPhase section */

/* Begin PBXTargetDependency section */
		33A10F2F276DE68000051B8F /* PBXTargetDependency */ = {
			isa = PBXTargetDependency;
			target = 33A10F16276DE67F00051B8F /* Recipe */;
			targetProxy = 33A10F2E276DE68000051B8F /* PBXContainerItemProxy */;
		};
		33A10F3A276DE68000051B8F /* PBXTargetDependency */ = {
			isa = PBXTargetDependency;
			target = 33A10F16276DE67F00051B8F /* Recipe */;
			targetProxy = 33A10F39276DE68000051B8F /* PBXContainerItemProxy */;
		};
/* End PBXTargetDependency section */

/* Begin PBXVariantGroup section */
		33A10F20276DE67F00051B8F /* Main.storyboard */ = {
			isa = PBXVariantGroup;
			children = (
				33A10F21276DE67F00051B8F /* Base */,
			);
			name = Main.storyboard;
			sourceTree = "<group>";
		};
		33A10F25276DE68000051B8F /* LaunchScreen.storyboard */ = {
			isa = PBXVariantGroup;
			children = (
				33A10F26276DE68000051B8F /* Base */,
			);
			name = LaunchScreen.storyboard;
			sourceTree = "<group>";
		};
/* End PBXVariantGroup section */

/* Begin XCBuildConfiguration section */
		33A10F3F276DE68000051B8F /* Debug */ = {
			isa = XCBuildConfiguration;
			buildSettings = {
				ALWAYS_SEARCH_USER_PATHS = NO;
				CLANG_ANALYZER_NONNULL = YES;
				CLANG_ANALYZER_NUMBER_OBJECT_CONVERSION = YES_AGGRESSIVE;
				CLANG_CXX_LANGUAGE_STANDARD = "gnu++14";
				CLANG_CXX_LIBRARY = "libc++";
				CLANG_ENABLE_MODULES = YES;
				CLANG_ENABLE_OBJC_ARC = YES;
				CLANG_ENABLE_OBJC_WEAK = YES;
				CLANG_WARN_BLOCK_CAPTURE_AUTORELEASING = YES;
				CLANG_WARN_BOOL_CONVERSION = YES;
				CLANG_WARN_COMMA = YES;
				CLANG_WARN_CONSTANT_CONVERSION = YES;
				CLANG_WARN_DEPRECATED_OBJC_IMPLEMENTATIONS = YES;
				CLANG_WARN_DIRECT_OBJC_ISA_USAGE = YES_ERROR;
				CLANG_WARN_DOCUMENTATION_COMMENTS = YES;
				CLANG_WARN_EMPTY_BODY = YES;
				CLANG_WARN_ENUM_CONVERSION = YES;
				CLANG_WARN_INFINITE_RECURSION = YES;
				CLANG_WARN_INT_CONVERSION = YES;
				CLANG_WARN_NON_LITERAL_NULL_CONVERSION = YES;
				CLANG_WARN_OBJC_IMPLICIT_RETAIN_SELF = YES;
				CLANG_WARN_OBJC_LITERAL_CONVERSION = YES;
				CLANG_WARN_OBJC_ROOT_CLASS = YES_ERROR;
				CLANG_WARN_QUOTED_INCLUDE_IN_FRAMEWORK_HEADER = YES;
				CLANG_WARN_RANGE_LOOP_ANALYSIS = YES;
				CLANG_WARN_STRICT_PROTOTYPES = YES;
				CLANG_WARN_SUSPICIOUS_MOVE = YES;
				CLANG_WARN_UNGUARDED_AVAILABILITY = YES_AGGRESSIVE;
				CLANG_WARN_UNREACHABLE_CODE = YES;
				CLANG_WARN__DUPLICATE_METHOD_MATCH = YES;
				COPY_PHASE_STRIP = NO;
				DEBUG_INFORMATION_FORMAT = dwarf;
				ENABLE_STRICT_OBJC_MSGSEND = YES;
				ENABLE_TESTABILITY = YES;
				GCC_C_LANGUAGE_STANDARD = gnu11;
				GCC_DYNAMIC_NO_PIC = NO;
				GCC_NO_COMMON_BLOCKS = YES;
				GCC_OPTIMIZATION_LEVEL = 0;
				GCC_PREPROCESSOR_DEFINITIONS = (
					"DEBUG=1",
					"$(inherited)",
				);
				GCC_WARN_64_TO_32_BIT_CONVERSION = YES;
				GCC_WARN_ABOUT_RETURN_TYPE = YES_ERROR;
				GCC_WARN_UNDECLARED_SELECTOR = YES;
				GCC_WARN_UNINITIALIZED_AUTOS = YES_AGGRESSIVE;
				GCC_WARN_UNUSED_FUNCTION = YES;
				GCC_WARN_UNUSED_VARIABLE = YES;
				IPHONEOS_DEPLOYMENT_TARGET = 15.0;
				MTL_ENABLE_DEBUG_INFO = INCLUDE_SOURCE;
				MTL_FAST_MATH = YES;
				ONLY_ACTIVE_ARCH = YES;
				SDKROOT = iphoneos;
				SWIFT_ACTIVE_COMPILATION_CONDITIONS = DEBUG;
				SWIFT_OPTIMIZATION_LEVEL = "-Onone";
			};
			name = Debug;
		};
		33A10F40276DE68000051B8F /* Release */ = {
			isa = XCBuildConfiguration;
			buildSettings = {
				ALWAYS_SEARCH_USER_PATHS = NO;
				CLANG_ANALYZER_NONNULL = YES;
				CLANG_ANALYZER_NUMBER_OBJECT_CONVERSION = YES_AGGRESSIVE;
				CLANG_CXX_LANGUAGE_STANDARD = "gnu++14";
				CLANG_CXX_LIBRARY = "libc++";
				CLANG_ENABLE_MODULES = YES;
				CLANG_ENABLE_OBJC_ARC = YES;
				CLANG_ENABLE_OBJC_WEAK = YES;
				CLANG_WARN_BLOCK_CAPTURE_AUTORELEASING = YES;
				CLANG_WARN_BOOL_CONVERSION = YES;
				CLANG_WARN_COMMA = YES;
				CLANG_WARN_CONSTANT_CONVERSION = YES;
				CLANG_WARN_DEPRECATED_OBJC_IMPLEMENTATIONS = YES;
				CLANG_WARN_DIRECT_OBJC_ISA_USAGE = YES_ERROR;
				CLANG_WARN_DOCUMENTATION_COMMENTS = YES;
				CLANG_WARN_EMPTY_BODY = YES;
				CLANG_WARN_ENUM_CONVERSION = YES;
				CLANG_WARN_INFINITE_RECURSION = YES;
				CLANG_WARN_INT_CONVERSION = YES;
				CLANG_WARN_NON_LITERAL_NULL_CONVERSION = YES;
				CLANG_WARN_OBJC_IMPLICIT_RETAIN_SELF = YES;
				CLANG_WARN_OBJC_LITERAL_CONVERSION = YES;
				CLANG_WARN_OBJC_ROOT_CLASS = YES_ERROR;
				CLANG_WARN_QUOTED_INCLUDE_IN_FRAMEWORK_HEADER = YES;
				CLANG_WARN_RANGE_LOOP_ANALYSIS = YES;
				CLANG_WARN_STRICT_PROTOTYPES = YES;
				CLANG_WARN_SUSPICIOUS_MOVE = YES;
				CLANG_WARN_UNGUARDED_AVAILABILITY = YES_AGGRESSIVE;
				CLANG_WARN_UNREACHABLE_CODE = YES;
				CLANG_WARN__DUPLICATE_METHOD_MATCH = YES;
				COPY_PHASE_STRIP = NO;
				DEBUG_INFORMATION_FORMAT = "dwarf-with-dsym";
				ENABLE_NS_ASSERTIONS = NO;
				ENABLE_STRICT_OBJC_MSGSEND = YES;
				GCC_C_LANGUAGE_STANDARD = gnu11;
				GCC_NO_COMMON_BLOCKS = YES;
				GCC_WARN_64_TO_32_BIT_CONVERSION = YES;
				GCC_WARN_ABOUT_RETURN_TYPE = YES_ERROR;
				GCC_WARN_UNDECLARED_SELECTOR = YES;
				GCC_WARN_UNINITIALIZED_AUTOS = YES_AGGRESSIVE;
				GCC_WARN_UNUSED_FUNCTION = YES;
				GCC_WARN_UNUSED_VARIABLE = YES;
				IPHONEOS_DEPLOYMENT_TARGET = 15.0;
				MTL_ENABLE_DEBUG_INFO = NO;
				MTL_FAST_MATH = YES;
				SDKROOT = iphoneos;
				SWIFT_COMPILATION_MODE = wholemodule;
				SWIFT_OPTIMIZATION_LEVEL = "-O";
				VALIDATE_PRODUCT = YES;
			};
			name = Release;
		};
		33A10F42276DE68000051B8F /* Debug */ = {
			isa = XCBuildConfiguration;
			baseConfigurationReference = 4C890A0A2CCC0F8ECE439B23 /* Pods-Recipe.debug.xcconfig */;
			buildSettings = {
				ASSETCATALOG_COMPILER_APPICON_NAME = AppIcon;
				ASSETCATALOG_COMPILER_GLOBAL_ACCENT_COLOR_NAME = AccentColor;
				CODE_SIGN_STYLE = Automatic;
				INFOPLIST_FILE = "$(SRCROOT)/Recipe/Supporting Files/Info.plist";
				LD_RUNPATH_SEARCH_PATHS = (
					"$(inherited)",
					"@executable_path/Frameworks",
				);
				PRODUCT_BUNDLE_IDENTIFIER = com.firatyenidunya.Recipe;
				PRODUCT_NAME = "$(TARGET_NAME)";
				SWIFT_VERSION = 5.0;
				TARGETED_DEVICE_FAMILY = "1,2";
			};
			name = Debug;
		};
		33A10F43276DE68000051B8F /* Release */ = {
			isa = XCBuildConfiguration;
			baseConfigurationReference = 2F02550D1274E410A8FCCC44 /* Pods-Recipe.release.xcconfig */;
			buildSettings = {
				ASSETCATALOG_COMPILER_APPICON_NAME = AppIcon;
				ASSETCATALOG_COMPILER_GLOBAL_ACCENT_COLOR_NAME = AccentColor;
				CODE_SIGN_STYLE = Automatic;
				INFOPLIST_FILE = "$(SRCROOT)/Recipe/Supporting Files/Info.plist";
				LD_RUNPATH_SEARCH_PATHS = (
					"$(inherited)",
					"@executable_path/Frameworks",
				);
				PRODUCT_BUNDLE_IDENTIFIER = com.firatyenidunya.Recipe;
				PRODUCT_NAME = "$(TARGET_NAME)";
				SWIFT_VERSION = 5.0;
				TARGETED_DEVICE_FAMILY = "1,2";
			};
			name = Release;
		};
		33A10F45276DE68000051B8F /* Debug */ = {
			isa = XCBuildConfiguration;
			baseConfigurationReference = 31D6F5D14ED4A3EFEE90DDEE /* Pods-RecipeTests.debug.xcconfig */;
			buildSettings = {
				ALWAYS_EMBED_SWIFT_STANDARD_LIBRARIES = YES;
				BUNDLE_LOADER = "$(TEST_HOST)";
				CODE_SIGN_STYLE = Automatic;
				INFOPLIST_FILE = RecipeTests/Info.plist;
				IPHONEOS_DEPLOYMENT_TARGET = 14.1;
				LD_RUNPATH_SEARCH_PATHS = (
					"$(inherited)",
					"@executable_path/Frameworks",
					"@loader_path/Frameworks",
				);
				PRODUCT_BUNDLE_IDENTIFIER = com.firatyenidunya.RecipeTests;
				PRODUCT_NAME = "$(TARGET_NAME)";
				SWIFT_VERSION = 5.0;
				TARGETED_DEVICE_FAMILY = "1,2";
				TEST_HOST = "$(BUILT_PRODUCTS_DIR)/Recipe.app/Recipe";
			};
			name = Debug;
		};
		33A10F46276DE68000051B8F /* Release */ = {
			isa = XCBuildConfiguration;
			baseConfigurationReference = 5175C37D332BBE498525B133 /* Pods-RecipeTests.release.xcconfig */;
			buildSettings = {
				ALWAYS_EMBED_SWIFT_STANDARD_LIBRARIES = YES;
				BUNDLE_LOADER = "$(TEST_HOST)";
				CODE_SIGN_STYLE = Automatic;
				INFOPLIST_FILE = RecipeTests/Info.plist;
				IPHONEOS_DEPLOYMENT_TARGET = 14.1;
				LD_RUNPATH_SEARCH_PATHS = (
					"$(inherited)",
					"@executable_path/Frameworks",
					"@loader_path/Frameworks",
				);
				PRODUCT_BUNDLE_IDENTIFIER = com.firatyenidunya.RecipeTests;
				PRODUCT_NAME = "$(TARGET_NAME)";
				SWIFT_VERSION = 5.0;
				TARGETED_DEVICE_FAMILY = "1,2";
				TEST_HOST = "$(BUILT_PRODUCTS_DIR)/Recipe.app/Recipe";
			};
			name = Release;
		};
		33A10F48276DE68000051B8F /* Debug */ = {
			isa = XCBuildConfiguration;
			baseConfigurationReference = A846CE76DB9C30D21CD11F25 /* Pods-Recipe-RecipeUITests.debug.xcconfig */;
			buildSettings = {
				ALWAYS_EMBED_SWIFT_STANDARD_LIBRARIES = YES;
				CODE_SIGN_STYLE = Automatic;
				INFOPLIST_FILE = RecipeUITests/Info.plist;
				LD_RUNPATH_SEARCH_PATHS = (
					"$(inherited)",
					"@executable_path/Frameworks",
					"@loader_path/Frameworks",
				);
				PRODUCT_BUNDLE_IDENTIFIER = com.firatyenidunya.RecipeUITests;
				PRODUCT_NAME = "$(TARGET_NAME)";
				SWIFT_VERSION = 5.0;
				TARGETED_DEVICE_FAMILY = "1,2";
				TEST_TARGET_NAME = Recipe;
			};
			name = Debug;
		};
		33A10F49276DE68000051B8F /* Release */ = {
			isa = XCBuildConfiguration;
			baseConfigurationReference = 356501119E8AAA1841409D34 /* Pods-Recipe-RecipeUITests.release.xcconfig */;
			buildSettings = {
				ALWAYS_EMBED_SWIFT_STANDARD_LIBRARIES = YES;
				CODE_SIGN_STYLE = Automatic;
				INFOPLIST_FILE = RecipeUITests/Info.plist;
				LD_RUNPATH_SEARCH_PATHS = (
					"$(inherited)",
					"@executable_path/Frameworks",
					"@loader_path/Frameworks",
				);
				PRODUCT_BUNDLE_IDENTIFIER = com.firatyenidunya.RecipeUITests;
				PRODUCT_NAME = "$(TARGET_NAME)";
				SWIFT_VERSION = 5.0;
				TARGETED_DEVICE_FAMILY = "1,2";
				TEST_TARGET_NAME = Recipe;
			};
			name = Release;
		};
/* End XCBuildConfiguration section */

/* Begin XCConfigurationList section */
		33A10F12276DE67F00051B8F /* Build configuration list for PBXProject "Recipe" */ = {
			isa = XCConfigurationList;
			buildConfigurations = (
				33A10F3F276DE68000051B8F /* Debug */,
				33A10F40276DE68000051B8F /* Release */,
			);
			defaultConfigurationIsVisible = 0;
			defaultConfigurationName = Release;
		};
		33A10F41276DE68000051B8F /* Build configuration list for PBXNativeTarget "Recipe" */ = {
			isa = XCConfigurationList;
			buildConfigurations = (
				33A10F42276DE68000051B8F /* Debug */,
				33A10F43276DE68000051B8F /* Release */,
			);
			defaultConfigurationIsVisible = 0;
			defaultConfigurationName = Release;
		};
		33A10F44276DE68000051B8F /* Build configuration list for PBXNativeTarget "RecipeTests" */ = {
			isa = XCConfigurationList;
			buildConfigurations = (
				33A10F45276DE68000051B8F /* Debug */,
				33A10F46276DE68000051B8F /* Release */,
			);
			defaultConfigurationIsVisible = 0;
			defaultConfigurationName = Release;
		};
		33A10F47276DE68000051B8F /* Build configuration list for PBXNativeTarget "RecipeUITests" */ = {
			isa = XCConfigurationList;
			buildConfigurations = (
				33A10F48276DE68000051B8F /* Debug */,
				33A10F49276DE68000051B8F /* Release */,
			);
			defaultConfigurationIsVisible = 0;
			defaultConfigurationName = Release;
		};
/* End XCConfigurationList section */

/* Begin XCVersionGroup section */
		330425B42771C6A8005AB1EB /* Model.xcdatamodeld */ = {
			isa = XCVersionGroup;
			children = (
				330425B52771C6A8005AB1EB /* Model.xcdatamodel */,
			);
			currentVersion = 330425B52771C6A8005AB1EB /* Model.xcdatamodel */;
			path = Model.xcdatamodeld;
			sourceTree = "<group>";
			versionGroupType = wrapper.xcdatamodel;
		};
/* End XCVersionGroup section */
	};
	rootObject = 33A10F0F276DE67F00051B8F /* Project object */;
}
