PODS:
  - DisplaySwitcher (2.0)
  - Resolver (1.5.0)
  - SDWebImage (5.0.0):
    - SDWebImage/Core (= 5.0.0)
  - SDWebImage/Core (5.0.0)

DEPENDENCIES:
  - DisplaySwitcher (~> 2.0)
  - Resolver (= 1.5.0)
  - SDWebImage (= 5.0)

SPEC REPOS:
  trunk:
    - DisplaySwitcher
    - Resolver
    - SDWebImage

SPEC CHECKSUMS:
  DisplaySwitcher: 1db23ee6a45fbebac733917cc002204adad37d28
  Resolver: 68984624572763018fd8ec7b8e3e8df0e3b6bba5
  SDWebImage: 5de80a0302de9e377e62f47d2fa1304efff0e55f

PODFILE CHECKSUM: d1f723c58e9c32766d28f0ad775bcca74f585a5c

COCOAPODS: 1.10.0
