PODS:
  - DisplaySwitcher (2.0)
  - Kingfisher (7.1.2)
  - NVActivityIndicatorView (5.1.1):
    - NVActivityIndicatorView/Base (= 5.1.1)
  - NVActivityIndicatorView/Base (5.1.1)
  - Resolver (1.5.0)
  - RxSwift (6.2.0)
  - RxTest (6.2.0):
    - RxSwift (= 6.2.0)

DEPENDENCIES:
  - DisplaySwitcher (~> 2.0)
  - Kingfisher (~> 7.0)
  - NVActivityIndicatorView (= 5.1.1)
  - Resolver (= 1.5.0)
  - RxSwift (= 6.2.0)
  - RxTest

SPEC REPOS:
  trunk:
    - DisplaySwitcher
    - Kingfisher
    - NVActivityIndicatorView
    - Resolver
    - RxSwift
    - RxTest

SPEC CHECKSUMS:
  DisplaySwitcher: 1db23ee6a45fbebac733917cc002204adad37d28
  Kingfisher: 44ed6a8504763f27bab46163adfac83f5deb240c
  NVActivityIndicatorView: 1f6c5687f1171810aa27a3296814dc2d7dec3667
  Resolver: 68984624572763018fd8ec7b8e3e8df0e3b6bba5
  RxSwift: d356ab7bee873611322f134c5f9ef379fa183d8f
  RxTest: 0c692fa672b694373ba86d2b00033595297a2831

PODFILE CHECKSUM: 64565aceaec42fa957b887798ce3dd7c2ac66b61

COCOAPODS: 1.10.0
